{
  "originHash" : "9b5351aac05a62d363ace7b2d9b04fb368aa60e75cc3fd0de1f12a03388a7539",
  "pins" : [
    {
      "identity" : "mylibrary",
      "kind" : "remoteSourceControl",
      "location" : "https://github.com/SibusisoGlu/MyLibrary",
      "state" : {
        "revision" : "191de8945401415ed588de0be892d2bec8d9bbe0",
        "version" : "1.2.1"
      }
    }
  ],
  "version" : 3
}
