{
  "originHash" : "f04ad7ecc0eb31cb595bfa7af1dd3f1388e68d2e25edeb39160a5dc01e610744",
  "pins" : [
    {
      "identity" : "alamofire",
      "kind" : "remoteSourceControl",
      "location" : "https://github.com/Alamofire/Alamofire",
      "state" : {
        "revision" : "f455c2975872ccd2d9c81594c658af65716e9b9a",
        "version" : "5.9.1"
      }
    },
    {
      "identity" : "mlibrary2",
      "kind" : "remoteSourceControl",
      "location" : "https://github.com/Sibusiso94/MLibrary2.git",
      "state" : {
        "revision" : "a32d492874e92abc9b97aefdcba68cef14f3cbe6",
        "version" : "1.0.1"
      }
    },
    {
      "identity" : "supabase-swift",
      "kind" : "remoteSourceControl",
      "location" : "https://github.com/supabase-community/supabase-swift.git",
      "state" : {
        "revision" : "691bde7ca02fb70eed77d4750904fc9be45bd007",
        "version" : "2.22.1"
      }
    },
    {
      "identity" : "swift-asn1",
      "kind" : "remoteSourceControl",
      "location" : "https://github.com/apple/swift-asn1.git",
      "state" : {
        "revision" : "a9a5efd40eaf558a2bcd48d64b1d1646be686008",
        "version" : "1.7.1"
      }
    },
    {
      "identity" : "swift-concurrency-extras",
      "kind" : "remoteSourceControl",
      "location" : "https://github.com/pointfreeco/swift-concurrency-extras",
      "state" : {
        "revision" : "a90e2e40a7a840a853dd29e57cbef5dbb72c9d5b",
        "version" : "1.4.0"
      }
    },
    {
      "identity" : "swift-crypto",
      "kind" : "remoteSourceControl",
      "location" : "https://github.com/apple/swift-crypto.git",
      "state" : {
        "revision" : "06dc63c6d8da54ee11ceb268cde1fa68161afc96",
        "version" : "3.9.1"
      }
    },
    {
      "identity" : "swift-http-types",
      "kind" : "remoteSourceControl",
      "location" : "https://github.com/apple/swift-http-types.git",
      "state" : {
        "revision" : "db774a277f60063a32d854f2980299caf06da041",
        "version" : "1.6.0"
      }
    },
    {
      "identity" : "xctest-dynamic-overlay",
      "kind" : "remoteSourceControl",
      "location" : "https://github.com/pointfreeco/xctest-dynamic-overlay",
      "state" : {
        "revision" : "401bf70d95bfe8db2a1dc619f9e175a85c089321",
        "version" : "1.10.1"
      }
    }
  ],
  "version" : 3
}
