{
  "originHash" : "9b5351aac05a62d363ace7b2d9b04fb368aa60e75cc3fd0de1f12a03388a7539",
  "pins" : [
    {
      "identity" : "mylibrary",
      "kind" : "remoteSourceControl",
      "location" : "https://github.com/SibusisoGlu/MyLibrary",
      "state" : {
        "revision" : "0e3e3e0539671ef77479a2f5a2480642afba6559",
        "version" : "1.1.15"
      }
    }
  ],
  "version" : 3
}
