// !$*UTF8*$!
{
	archiveVersion = 1;
	classes = {
	};
	objectVersion = 56;
	objects = {

/* Begin PBXBuildFile section */
		5C2772FC2B86657C0057CC5D /* AddFirstPropertyView.swift in Sources */ = {isa = PBXBuildFile; fileRef = 5C2772FB2B86657C0057CC5D /* AddFirstPropertyView.swift */; };
		5C2772FE2B8666970057CC5D /* SingleUnit.swift in Sources */ = {isa = PBXBuildFile; fileRef = 5C2772FD2B8666970057CC5D /* SingleUnit.swift */; };
		5C2773002B87618A0057CC5D /* NewDataModel.swift in Sources */ = {isa = PBXBuildFile; fileRef = 5C2772FF2B87618A0057CC5D /* NewDataModel.swift */; };
		5C2773022B8764810057CC5D /* AddFirstPropertyManager.swift in Sources */ = {isa = PBXBuildFile; fileRef = 5C2773012B8764810057CC5D /* AddFirstPropertyManager.swift */; };
		5C2773042B87C9370057CC5D /* Migrator.swift in Sources */ = {isa = PBXBuildFile; fileRef = 5C2773032B87C9370057CC5D /* Migrator.swift */; };
		5C4734242B6261C00040A0AA /* TennantsApp.swift in Sources */ = {isa = PBXBuildFile; fileRef = 5C4734232B6261C00040A0AA /* TennantsApp.swift */; };
		5C4734262B6261C10040A0AA /* ContentView.swift in Sources */ = {isa = PBXBuildFile; fileRef = 5C4734252B6261C10040A0AA /* ContentView.swift */; };
		5C4734282B6261C40040A0AA /* Assets.xcassets in Resources */ = {isa = PBXBuildFile; fileRef = 5C4734272B6261C40040A0AA /* Assets.xcassets */; };
		5C47342B2B6261C40040A0AA /* Preview Assets.xcassets in Resources */ = {isa = PBXBuildFile; fileRef = 5C47342A2B6261C40040A0AA /* Preview Assets.xcassets */; };
		5C4734352B6261C50040A0AA /* TennantsTests.swift in Sources */ = {isa = PBXBuildFile; fileRef = 5C4734342B6261C50040A0AA /* TennantsTests.swift */; };
		5C47343F2B6261C50040A0AA /* TennantsUITests.swift in Sources */ = {isa = PBXBuildFile; fileRef = 5C47343E2B6261C50040A0AA /* TennantsUITests.swift */; };
		5C4734412B6261C50040A0AA /* TennantsUITestsLaunchTests.swift in Sources */ = {isa = PBXBuildFile; fileRef = 5C4734402B6261C50040A0AA /* TennantsUITestsLaunchTests.swift */; };
		5C47344F2B62656E0040A0AA /* TennantTabView.swift in Sources */ = {isa = PBXBuildFile; fileRef = 5C47344E2B62656E0040A0AA /* TennantTabView.swift */; };
		5C4734522B6265AE0040A0AA /* TabViewModel.swift in Sources */ = {isa = PBXBuildFile; fileRef = 5C4734512B6265AE0040A0AA /* TabViewModel.swift */; };
		5C4734562B6269640040A0AA /* TennantLandingView.swift in Sources */ = {isa = PBXBuildFile; fileRef = 5C4734552B6269640040A0AA /* TennantLandingView.swift */; };
		5C47345B2B6377D40040A0AA /* Tennant.swift in Sources */ = {isa = PBXBuildFile; fileRef = 5C47345A2B6377D40040A0AA /* Tennant.swift */; };
		5C65589E2B762A120057021E /* OnboardingManager.swift in Sources */ = {isa = PBXBuildFile; fileRef = 5C65589D2B762A120057021E /* OnboardingManager.swift */; };
		5C6558A02B76660F0057021E /* AddNewView.swift in Sources */ = {isa = PBXBuildFile; fileRef = 5C65589F2B76660F0057021E /* AddNewView.swift */; };
		5C6558A22B7A53620057021E /* TextFieldDoneButton.swift in Sources */ = {isa = PBXBuildFile; fileRef = 5C6558A12B7A53620057021E /* TextFieldDoneButton.swift */; };
		5C6558A42B7AA4620057021E /* LandingViewModel.swift in Sources */ = {isa = PBXBuildFile; fileRef = 5C6558A32B7AA4620057021E /* LandingViewModel.swift */; };
		5C664DF92B6B8436000AE276 /* UpdateTennatViewModelTests.swift in Sources */ = {isa = PBXBuildFile; fileRef = 5C664DF82B6B8436000AE276 /* UpdateTennatViewModelTests.swift */; };
		5C664DFB2B6B86B8000AE276 /* Extension+String.swift in Sources */ = {isa = PBXBuildFile; fileRef = 5C664DFA2B6B86B8000AE276 /* Extension+String.swift */; };
		5C6E4FCF2B8C8E9900D77824 /* Extension+View.swift in Sources */ = {isa = PBXBuildFile; fileRef = 5C6E4FCE2B8C8E9900D77824 /* Extension+View.swift */; };
		5C6E4FD22B8CC30B00D77824 /* ValidationPreferenceKey.swift in Sources */ = {isa = PBXBuildFile; fileRef = 5C6E4FD12B8CC30B00D77824 /* ValidationPreferenceKey.swift */; };
		5C6E4FD42B8CC40C00D77824 /* ValidationModifier.swift in Sources */ = {isa = PBXBuildFile; fileRef = 5C6E4FD32B8CC40C00D77824 /* ValidationModifier.swift */; };
		5C6E4FD62B8CC4C500D77824 /* Extension+Field.swift in Sources */ = {isa = PBXBuildFile; fileRef = 5C6E4FD52B8CC4C500D77824 /* Extension+Field.swift */; };
		5C6E4FDB2B8CC92200D77824 /* TextFormView.swift in Sources */ = {isa = PBXBuildFile; fileRef = 5C6E4FDA2B8CC92200D77824 /* TextFormView.swift */; };
		5C6E4FDE2B8E0D6000D77824 /* CustomTextField.swift in Sources */ = {isa = PBXBuildFile; fileRef = 5C6E4FDD2B8E0D6000D77824 /* CustomTextField.swift */; };
		5C6E4FE12B8E0DBA00D77824 /* CustomValidatedNumberField.swift in Sources */ = {isa = PBXBuildFile; fileRef = 5C6E4FE02B8E0DBA00D77824 /* CustomValidatedNumberField.swift */; };
		5C6E4FE32B8E0E5800D77824 /* ErrorMessageView.swift in Sources */ = {isa = PBXBuildFile; fileRef = 5C6E4FE22B8E0E5800D77824 /* ErrorMessageView.swift */; };
		5C6E4FE62B8F08CD00D77824 /* AddTenantView.swift in Sources */ = {isa = PBXBuildFile; fileRef = 5C6E4FE52B8F08CD00D77824 /* AddTenantView.swift */; };
		5C6E4FE82B91DEA100D77824 /* CustomMenu.swift in Sources */ = {isa = PBXBuildFile; fileRef = 5C6E4FE72B91DEA100D77824 /* CustomMenu.swift */; };
		5C73FDAC2BA2E514008AC476 /* PropertyOptionsView.swift in Sources */ = {isa = PBXBuildFile; fileRef = 5C73FDAB2BA2E514008AC476 /* PropertyOptionsView.swift */; };
		5C79266A2BA56E0400878F58 /* OptionCardView.swift in Sources */ = {isa = PBXBuildFile; fileRef = 5C7926692BA56E0400878F58 /* OptionCardView.swift */; };
		5C8778582B7104F1008F5CD8 /* RealmTests.swift in Sources */ = {isa = PBXBuildFile; fileRef = 5C8778572B7104F1008F5CD8 /* RealmTests.swift */; };
		5CAA7B832B68EBFE0087AC86 /* UpdateTennantViewModel.swift in Sources */ = {isa = PBXBuildFile; fileRef = 5CAA7B822B68EBFE0087AC86 /* UpdateTennantViewModel.swift */; };
		5CAF47A72B64DEB200CE486B /* Property.swift in Sources */ = {isa = PBXBuildFile; fileRef = 5CAF47A62B64DEB200CE486B /* Property.swift */; };
		5CAF47AB2B64E44F00CE486B /* RealmRepository.swift in Sources */ = {isa = PBXBuildFile; fileRef = 5CAF47AA2B64E44F00CE486B /* RealmRepository.swift */; };
		5CAF47AE2B64E4B500CE486B /* RealmSwift in Frameworks */ = {isa = PBXBuildFile; productRef = 5CAF47AD2B64E4B500CE486B /* RealmSwift */; };
		5CAF47B02B64E4BE00CE486B /* Realm in Frameworks */ = {isa = PBXBuildFile; productRef = 5CAF47AF2B64E4BE00CE486B /* Realm */; };
		5CAF47D52B676E4000CE486B /* CalculateView.swift in Sources */ = {isa = PBXBuildFile; fileRef = 5CAF47D42B676E4000CE486B /* CalculateView.swift */; };
		5CAF48022B67A9DA00CE486B /* AlertButtons.swift in Sources */ = {isa = PBXBuildFile; fileRef = 5CAF48012B67A9DA00CE486B /* AlertButtons.swift */; };
		5CAF48042B67ACDA00CE486B /* CalculateViewViewModel.swift in Sources */ = {isa = PBXBuildFile; fileRef = 5CAF48032B67ACDA00CE486B /* CalculateViewViewModel.swift */; };
		5CAF48082B67D9D800CE486B /* TennantUseCaseProtocols.swift in Sources */ = {isa = PBXBuildFile; fileRef = 5CAF48072B67D9D800CE486B /* TennantUseCaseProtocols.swift */; };
		5CAF480A2B67DA4200CE486B /* CalculatorUseCaseProtocols.swift in Sources */ = {isa = PBXBuildFile; fileRef = 5CAF48092B67DA4200CE486B /* CalculatorUseCaseProtocols.swift */; };
		5CAF480C2B67F21C00CE486B /* UpdateTennantView.swift in Sources */ = {isa = PBXBuildFile; fileRef = 5CAF480B2B67F21C00CE486B /* UpdateTennantView.swift */; };
		5CAF480F2B6826A700CE486B /* UpdateTennantTopCardView.swift in Sources */ = {isa = PBXBuildFile; fileRef = 5CAF480E2B6826A700CE486B /* UpdateTennantTopCardView.swift */; };
		5CAF48152B68276900CE486B /* HorizontalAlignment.swift in Sources */ = {isa = PBXBuildFile; fileRef = 5CAF48142B68276900CE486B /* HorizontalAlignment.swift */; };
		5CAF48172B68314300CE486B /* CircularProgressView.swift in Sources */ = {isa = PBXBuildFile; fileRef = 5CAF48162B68314300CE486B /* CircularProgressView.swift */; };
		5CD2012D2BA30A1E00A5861C /* PropertyManagementProtocols.swift in Sources */ = {isa = PBXBuildFile; fileRef = 5CD2012C2BA30A1E00A5861C /* PropertyManagementProtocols.swift */; };
		5CE2CDBD2B73EBE1003FF780 /* OnboardingView.swift in Sources */ = {isa = PBXBuildFile; fileRef = 5CE2CDBC2B73EBE1003FF780 /* OnboardingView.swift */; };
		5CE2CDBF2B73EC86003FF780 /* BackgroundColour.swift in Sources */ = {isa = PBXBuildFile; fileRef = 5CE2CDBE2B73EC86003FF780 /* BackgroundColour.swift */; };
		5CE2CDC12B749EAD003FF780 /* OnboardingSubView.swift in Sources */ = {isa = PBXBuildFile; fileRef = 5CE2CDC02B749EAD003FF780 /* OnboardingSubView.swift */; };
		5CE2CDC32B74A8AE003FF780 /* NumberTextField.swift in Sources */ = {isa = PBXBuildFile; fileRef = 5CE2CDC22B74A8AE003FF780 /* NumberTextField.swift */; };
		5CEBD7EB2B8086EE00F20043 /* SessionManager.swift in Sources */ = {isa = PBXBuildFile; fileRef = 5CEBD7EA2B8086EE00F20043 /* SessionManager.swift */; };
		5CEBD7ED2B8342AB00F20043 /* MainAppView.swift in Sources */ = {isa = PBXBuildFile; fileRef = 5CEBD7EC2B8342AB00F20043 /* MainAppView.swift */; };
		5CFE7F802B7C8A81005E05FD /* AddView.swift in Sources */ = {isa = PBXBuildFile; fileRef = 5CFE7F7F2B7C8A81005E05FD /* AddView.swift */; };
		5CFE7F822B7C8BB8005E05FD /* CardView.swift in Sources */ = {isa = PBXBuildFile; fileRef = 5CFE7F812B7C8BB8005E05FD /* CardView.swift */; };
		5CFE7F842B7C8CAA005E05FD /* DataProvider.swift in Sources */ = {isa = PBXBuildFile; fileRef = 5CFE7F832B7C8CAA005E05FD /* DataProvider.swift */; };
/* End PBXBuildFile section */

/* Begin PBXContainerItemProxy section */
		5C4734312B6261C50040A0AA /* PBXContainerItemProxy */ = {
			isa = PBXContainerItemProxy;
			containerPortal = 5C4734182B6261C00040A0AA /* Project object */;
			proxyType = 1;
			remoteGlobalIDString = 5C47341F2B6261C00040A0AA;
			remoteInfo = Tennants;
		};
		5C47343B2B6261C50040A0AA /* PBXContainerItemProxy */ = {
			isa = PBXContainerItemProxy;
			containerPortal = 5C4734182B6261C00040A0AA /* Project object */;
			proxyType = 1;
			remoteGlobalIDString = 5C47341F2B6261C00040A0AA;
			remoteInfo = Tennants;
		};
/* End PBXContainerItemProxy section */

/* Begin PBXFileReference section */
		5C2772FB2B86657C0057CC5D /* AddFirstPropertyView.swift */ = {isa = PBXFileReference; lastKnownFileType = sourcecode.swift; path = AddFirstPropertyView.swift; sourceTree = "<group>"; };
		5C2772FD2B8666970057CC5D /* SingleUnit.swift */ = {isa = PBXFileReference; lastKnownFileType = sourcecode.swift; path = SingleUnit.swift; sourceTree = "<group>"; };
		5C2772FF2B87618A0057CC5D /* NewDataModel.swift */ = {isa = PBXFileReference; lastKnownFileType = sourcecode.swift; path = NewDataModel.swift; sourceTree = "<group>"; };
		5C2773012B8764810057CC5D /* AddFirstPropertyManager.swift */ = {isa = PBXFileReference; lastKnownFileType = sourcecode.swift; path = AddFirstPropertyManager.swift; sourceTree = "<group>"; };
		5C2773032B87C9370057CC5D /* Migrator.swift */ = {isa = PBXFileReference; lastKnownFileType = sourcecode.swift; path = Migrator.swift; sourceTree = "<group>"; };
		5C4734202B6261C00040A0AA /* Tennants.app */ = {isa = PBXFileReference; explicitFileType = wrapper.application; includeInIndex = 0; path = Tennants.app; sourceTree = BUILT_PRODUCTS_DIR; };
		5C4734232B6261C00040A0AA /* TennantsApp.swift */ = {isa = PBXFileReference; lastKnownFileType = sourcecode.swift; path = TennantsApp.swift; sourceTree = "<group>"; };
		5C4734252B6261C10040A0AA /* ContentView.swift */ = {isa = PBXFileReference; lastKnownFileType = sourcecode.swift; path = ContentView.swift; sourceTree = "<group>"; };
		5C4734272B6261C40040A0AA /* Assets.xcassets */ = {isa = PBXFileReference; lastKnownFileType = folder.assetcatalog; path = Assets.xcassets; sourceTree = "<group>"; };
		5C47342A2B6261C40040A0AA /* Preview Assets.xcassets */ = {isa = PBXFileReference; lastKnownFileType = folder.assetcatalog; path = "Preview Assets.xcassets"; sourceTree = "<group>"; };
		5C4734302B6261C50040A0AA /* TennantsTests.xctest */ = {isa = PBXFileReference; explicitFileType = wrapper.cfbundle; includeInIndex = 0; path = TennantsTests.xctest; sourceTree = BUILT_PRODUCTS_DIR; };
		5C4734342B6261C50040A0AA /* TennantsTests.swift */ = {isa = PBXFileReference; lastKnownFileType = sourcecode.swift; path = TennantsTests.swift; sourceTree = "<group>"; };
		5C47343A2B6261C50040A0AA /* TennantsUITests.xctest */ = {isa = PBXFileReference; explicitFileType = wrapper.cfbundle; includeInIndex = 0; path = TennantsUITests.xctest; sourceTree = BUILT_PRODUCTS_DIR; };
		5C47343E2B6261C50040A0AA /* TennantsUITests.swift */ = {isa = PBXFileReference; lastKnownFileType = sourcecode.swift; path = TennantsUITests.swift; sourceTree = "<group>"; };
		5C4734402B6261C50040A0AA /* TennantsUITestsLaunchTests.swift */ = {isa = PBXFileReference; lastKnownFileType = sourcecode.swift; path = TennantsUITestsLaunchTests.swift; sourceTree = "<group>"; };
		5C47344E2B62656E0040A0AA /* TennantTabView.swift */ = {isa = PBXFileReference; lastKnownFileType = sourcecode.swift; path = TennantTabView.swift; sourceTree = "<group>"; };
		5C4734512B6265AE0040A0AA /* TabViewModel.swift */ = {isa = PBXFileReference; lastKnownFileType = sourcecode.swift; path = TabViewModel.swift; sourceTree = "<group>"; };
		5C4734552B6269640040A0AA /* TennantLandingView.swift */ = {isa = PBXFileReference; lastKnownFileType = sourcecode.swift; path = TennantLandingView.swift; sourceTree = "<group>"; };
		5C47345A2B6377D40040A0AA /* Tennant.swift */ = {isa = PBXFileReference; lastKnownFileType = sourcecode.swift; path = Tennant.swift; sourceTree = "<group>"; };
		5C65589D2B762A120057021E /* OnboardingManager.swift */ = {isa = PBXFileReference; lastKnownFileType = sourcecode.swift; path = OnboardingManager.swift; sourceTree = "<group>"; };
		5C65589F2B76660F0057021E /* AddNewView.swift */ = {isa = PBXFileReference; lastKnownFileType = sourcecode.swift; path = AddNewView.swift; sourceTree = "<group>"; };
		5C6558A12B7A53620057021E /* TextFieldDoneButton.swift */ = {isa = PBXFileReference; lastKnownFileType = sourcecode.swift; path = TextFieldDoneButton.swift; sourceTree = "<group>"; };
		5C6558A32B7AA4620057021E /* LandingViewModel.swift */ = {isa = PBXFileReference; lastKnownFileType = sourcecode.swift; path = LandingViewModel.swift; sourceTree = "<group>"; };
		5C664DF82B6B8436000AE276 /* UpdateTennatViewModelTests.swift */ = {isa = PBXFileReference; lastKnownFileType = sourcecode.swift; path = UpdateTennatViewModelTests.swift; sourceTree = "<group>"; };
		5C664DFA2B6B86B8000AE276 /* Extension+String.swift */ = {isa = PBXFileReference; lastKnownFileType = sourcecode.swift; path = "Extension+String.swift"; sourceTree = "<group>"; };
		5C6E4FCE2B8C8E9900D77824 /* Extension+View.swift */ = {isa = PBXFileReference; lastKnownFileType = sourcecode.swift; path = "Extension+View.swift"; sourceTree = "<group>"; };
		5C6E4FD12B8CC30B00D77824 /* ValidationPreferenceKey.swift */ = {isa = PBXFileReference; lastKnownFileType = sourcecode.swift; path = ValidationPreferenceKey.swift; sourceTree = "<group>"; };
		5C6E4FD32B8CC40C00D77824 /* ValidationModifier.swift */ = {isa = PBXFileReference; lastKnownFileType = sourcecode.swift; path = ValidationModifier.swift; sourceTree = "<group>"; };
		5C6E4FD52B8CC4C500D77824 /* Extension+Field.swift */ = {isa = PBXFileReference; lastKnownFileType = sourcecode.swift; path = "Extension+Field.swift"; sourceTree = "<group>"; };
		5C6E4FDA2B8CC92200D77824 /* TextFormView.swift */ = {isa = PBXFileReference; lastKnownFileType = sourcecode.swift; path = TextFormView.swift; sourceTree = "<group>"; };
		5C6E4FDD2B8E0D6000D77824 /* CustomTextField.swift */ = {isa = PBXFileReference; lastKnownFileType = sourcecode.swift; path = CustomTextField.swift; sourceTree = "<group>"; };
		5C6E4FE02B8E0DBA00D77824 /* CustomValidatedNumberField.swift */ = {isa = PBXFileReference; lastKnownFileType = sourcecode.swift; path = CustomValidatedNumberField.swift; sourceTree = "<group>"; };
		5C6E4FE22B8E0E5800D77824 /* ErrorMessageView.swift */ = {isa = PBXFileReference; lastKnownFileType = sourcecode.swift; path = ErrorMessageView.swift; sourceTree = "<group>"; };
		5C6E4FE52B8F08CD00D77824 /* AddTenantView.swift */ = {isa = PBXFileReference; lastKnownFileType = sourcecode.swift; path = AddTenantView.swift; sourceTree = "<group>"; };
		5C6E4FE72B91DEA100D77824 /* CustomMenu.swift */ = {isa = PBXFileReference; lastKnownFileType = sourcecode.swift; path = CustomMenu.swift; sourceTree = "<group>"; };
		5C73FDAB2BA2E514008AC476 /* PropertyOptionsView.swift */ = {isa = PBXFileReference; lastKnownFileType = sourcecode.swift; path = PropertyOptionsView.swift; sourceTree = "<group>"; };
		5C7926692BA56E0400878F58 /* OptionCardView.swift */ = {isa = PBXFileReference; lastKnownFileType = sourcecode.swift; path = OptionCardView.swift; sourceTree = "<group>"; };
		5C8778572B7104F1008F5CD8 /* RealmTests.swift */ = {isa = PBXFileReference; lastKnownFileType = sourcecode.swift; path = RealmTests.swift; sourceTree = "<group>"; };
		5CAA7B822B68EBFE0087AC86 /* UpdateTennantViewModel.swift */ = {isa = PBXFileReference; lastKnownFileType = sourcecode.swift; path = UpdateTennantViewModel.swift; sourceTree = "<group>"; };
		5CAF47A62B64DEB200CE486B /* Property.swift */ = {isa = PBXFileReference; lastKnownFileType = sourcecode.swift; path = Property.swift; sourceTree = "<group>"; };
		5CAF47AA2B64E44F00CE486B /* RealmRepository.swift */ = {isa = PBXFileReference; lastKnownFileType = sourcecode.swift; path = RealmRepository.swift; sourceTree = "<group>"; };
		5CAF47D42B676E4000CE486B /* CalculateView.swift */ = {isa = PBXFileReference; lastKnownFileType = sourcecode.swift; path = CalculateView.swift; sourceTree = "<group>"; };
		5CAF48012B67A9DA00CE486B /* AlertButtons.swift */ = {isa = PBXFileReference; lastKnownFileType = sourcecode.swift; path = AlertButtons.swift; sourceTree = "<group>"; };
		5CAF48032B67ACDA00CE486B /* CalculateViewViewModel.swift */ = {isa = PBXFileReference; lastKnownFileType = sourcecode.swift; path = CalculateViewViewModel.swift; sourceTree = "<group>"; };
		5CAF48072B67D9D800CE486B /* TennantUseCaseProtocols.swift */ = {isa = PBXFileReference; lastKnownFileType = sourcecode.swift; path = TennantUseCaseProtocols.swift; sourceTree = "<group>"; };
		5CAF48092B67DA4200CE486B /* CalculatorUseCaseProtocols.swift */ = {isa = PBXFileReference; lastKnownFileType = sourcecode.swift; path = CalculatorUseCaseProtocols.swift; sourceTree = "<group>"; };
		5CAF480B2B67F21C00CE486B /* UpdateTennantView.swift */ = {isa = PBXFileReference; lastKnownFileType = sourcecode.swift; path = UpdateTennantView.swift; sourceTree = "<group>"; };
		5CAF480E2B6826A700CE486B /* UpdateTennantTopCardView.swift */ = {isa = PBXFileReference; lastKnownFileType = sourcecode.swift; path = UpdateTennantTopCardView.swift; sourceTree = "<group>"; };
		5CAF48142B68276900CE486B /* HorizontalAlignment.swift */ = {isa = PBXFileReference; lastKnownFileType = sourcecode.swift; path = HorizontalAlignment.swift; sourceTree = "<group>"; };
		5CAF48162B68314300CE486B /* CircularProgressView.swift */ = {isa = PBXFileReference; lastKnownFileType = sourcecode.swift; path = CircularProgressView.swift; sourceTree = "<group>"; };
		5CD2012C2BA30A1E00A5861C /* PropertyManagementProtocols.swift */ = {isa = PBXFileReference; lastKnownFileType = sourcecode.swift; path = PropertyManagementProtocols.swift; sourceTree = "<group>"; };
		5CE2CDBC2B73EBE1003FF780 /* OnboardingView.swift */ = {isa = PBXFileReference; lastKnownFileType = sourcecode.swift; path = OnboardingView.swift; sourceTree = "<group>"; };
		5CE2CDBE2B73EC86003FF780 /* BackgroundColour.swift */ = {isa = PBXFileReference; lastKnownFileType = sourcecode.swift; path = BackgroundColour.swift; sourceTree = "<group>"; };
		5CE2CDC02B749EAD003FF780 /* OnboardingSubView.swift */ = {isa = PBXFileReference; lastKnownFileType = sourcecode.swift; path = OnboardingSubView.swift; sourceTree = "<group>"; };
		5CE2CDC22B74A8AE003FF780 /* NumberTextField.swift */ = {isa = PBXFileReference; lastKnownFileType = sourcecode.swift; path = NumberTextField.swift; sourceTree = "<group>"; };
		5CEBD7EA2B8086EE00F20043 /* SessionManager.swift */ = {isa = PBXFileReference; lastKnownFileType = sourcecode.swift; path = SessionManager.swift; sourceTree = "<group>"; };
		5CEBD7EC2B8342AB00F20043 /* MainAppView.swift */ = {isa = PBXFileReference; lastKnownFileType = sourcecode.swift; path = MainAppView.swift; sourceTree = "<group>"; };
		5CFE7F7F2B7C8A81005E05FD /* AddView.swift */ = {isa = PBXFileReference; lastKnownFileType = sourcecode.swift; path = AddView.swift; sourceTree = "<group>"; };
		5CFE7F812B7C8BB8005E05FD /* CardView.swift */ = {isa = PBXFileReference; lastKnownFileType = sourcecode.swift; path = CardView.swift; sourceTree = "<group>"; };
		5CFE7F832B7C8CAA005E05FD /* DataProvider.swift */ = {isa = PBXFileReference; lastKnownFileType = sourcecode.swift; path = DataProvider.swift; sourceTree = "<group>"; };
/* End PBXFileReference section */

/* Begin PBXFrameworksBuildPhase section */
		5C47341D2B6261C00040A0AA /* Frameworks */ = {
			isa = PBXFrameworksBuildPhase;
			buildActionMask = 2147483647;
			files = (
				5CAF47B02B64E4BE00CE486B /* Realm in Frameworks */,
				5CAF47AE2B64E4B500CE486B /* RealmSwift in Frameworks */,
			);
			runOnlyForDeploymentPostprocessing = 0;
		};
		5C47342D2B6261C50040A0AA /* Frameworks */ = {
			isa = PBXFrameworksBuildPhase;
			buildActionMask = 2147483647;
			files = (
			);
			runOnlyForDeploymentPostprocessing = 0;
		};
		5C4734372B6261C50040A0AA /* Frameworks */ = {
			isa = PBXFrameworksBuildPhase;
			buildActionMask = 2147483647;
			files = (
			);
			runOnlyForDeploymentPostprocessing = 0;
		};
/* End PBXFrameworksBuildPhase section */

/* Begin PBXGroup section */
		5C4734172B6261C00040A0AA = {
			isa = PBXGroup;
			children = (
				5C4734222B6261C00040A0AA /* Tennants */,
				5C4734332B6261C50040A0AA /* TennantsTests */,
				5C47343D2B6261C50040A0AA /* TennantsUITests */,
				5C4734212B6261C00040A0AA /* Products */,
				5CAF47AC2B64E4B500CE486B /* Frameworks */,
			);
			sourceTree = "<group>";
		};
		5C4734212B6261C00040A0AA /* Products */ = {
			isa = PBXGroup;
			children = (
				5C4734202B6261C00040A0AA /* Tennants.app */,
				5C4734302B6261C50040A0AA /* TennantsTests.xctest */,
				5C47343A2B6261C50040A0AA /* TennantsUITests.xctest */,
			);
			name = Products;
			sourceTree = "<group>";
		};
		5C4734222B6261C00040A0AA /* Tennants */ = {
			isa = PBXGroup;
			children = (
				5C6E4FD92B8CC52300D77824 /* Util */,
				5CE2CDBB2B73EA28003FF780 /* Onboarding */,
				5CAF47A92B64E43200CE486B /* Realm */,
				5C47345C2B6384A90040A0AA /* Interfaces */,
				5C4734592B6375C30040A0AA /* Models */,
				5C47344D2B6262880040A0AA /* Views */,
				5CEBD7EC2B8342AB00F20043 /* MainAppView.swift */,
				5C4734252B6261C10040A0AA /* ContentView.swift */,
				5C4734232B6261C00040A0AA /* TennantsApp.swift */,
				5C4734272B6261C40040A0AA /* Assets.xcassets */,
				5C4734292B6261C40040A0AA /* Preview Content */,
			);
			path = Tennants;
			sourceTree = "<group>";
		};
		5C4734292B6261C40040A0AA /* Preview Content */ = {
			isa = PBXGroup;
			children = (
				5C47342A2B6261C40040A0AA /* Preview Assets.xcassets */,
			);
			path = "Preview Content";
			sourceTree = "<group>";
		};
		5C4734332B6261C50040A0AA /* TennantsTests */ = {
			isa = PBXGroup;
			children = (
				5C4734342B6261C50040A0AA /* TennantsTests.swift */,
				5C664DF82B6B8436000AE276 /* UpdateTennatViewModelTests.swift */,
				5C8778572B7104F1008F5CD8 /* RealmTests.swift */,
			);
			path = TennantsTests;
			sourceTree = "<group>";
		};
		5C47343D2B6261C50040A0AA /* TennantsUITests */ = {
			isa = PBXGroup;
			children = (
				5C47343E2B6261C50040A0AA /* TennantsUITests.swift */,
				5C4734402B6261C50040A0AA /* TennantsUITestsLaunchTests.swift */,
			);
			path = TennantsUITests;
			sourceTree = "<group>";
		};
		5C47344D2B6262880040A0AA /* Views */ = {
			isa = PBXGroup;
			children = (
				5C6E4FDC2B8E0D4300D77824 /* Custom Views */,
				5C4734502B6265860040A0AA /* Tab View */,
				5C4734542B6269310040A0AA /* Landing View */,
				5C6E4FE42B8E0F3F00D77824 /* Adding Property */,
				5CAF48002B67A9B200CE486B /* CalculateView */,
				5CAF480D2B68263100CE486B /* UpdateTennant */,
			);
			path = Views;
			sourceTree = "<group>";
		};
		5C4734502B6265860040A0AA /* Tab View */ = {
			isa = PBXGroup;
			children = (
				5C47344E2B62656E0040A0AA /* TennantTabView.swift */,
				5C4734512B6265AE0040A0AA /* TabViewModel.swift */,
			);
			path = "Tab View";
			sourceTree = "<group>";
		};
		5C4734542B6269310040A0AA /* Landing View */ = {
			isa = PBXGroup;
			children = (
				5C4734552B6269640040A0AA /* TennantLandingView.swift */,
				5C6558A32B7AA4620057021E /* LandingViewModel.swift */,
				5CFE7F7F2B7C8A81005E05FD /* AddView.swift */,
				5CFE7F812B7C8BB8005E05FD /* CardView.swift */,
			);
			path = "Landing View";
			sourceTree = "<group>";
		};
		5C4734592B6375C30040A0AA /* Models */ = {
			isa = PBXGroup;
			children = (
				5C47345A2B6377D40040A0AA /* Tennant.swift */,
				5CAF47A62B64DEB200CE486B /* Property.swift */,
				5C2772FD2B8666970057CC5D /* SingleUnit.swift */,
				5C2772FF2B87618A0057CC5D /* NewDataModel.swift */,
			);
			path = Models;
			sourceTree = "<group>";
		};
		5C47345C2B6384A90040A0AA /* Interfaces */ = {
			isa = PBXGroup;
			children = (
				5CAF48072B67D9D800CE486B /* TennantUseCaseProtocols.swift */,
				5CAF48092B67DA4200CE486B /* CalculatorUseCaseProtocols.swift */,
				5CD2012C2BA30A1E00A5861C /* PropertyManagementProtocols.swift */,
			);
			path = Interfaces;
			sourceTree = "<group>";
		};
		5C6E4FD02B8CC2D500D77824 /* Validation */ = {
			isa = PBXGroup;
			children = (
				5C6E4FD12B8CC30B00D77824 /* ValidationPreferenceKey.swift */,
				5C6E4FD32B8CC40C00D77824 /* ValidationModifier.swift */,
				5C6E4FDA2B8CC92200D77824 /* TextFormView.swift */,
			);
			path = Validation;
			sourceTree = "<group>";
		};
		5C6E4FD72B8CC4D500D77824 /* View Modifiers */ = {
			isa = PBXGroup;
			children = (
				5CAF48142B68276900CE486B /* HorizontalAlignment.swift */,
				5CE2CDBE2B73EC86003FF780 /* BackgroundColour.swift */,
				5CE2CDC22B74A8AE003FF780 /* NumberTextField.swift */,
				5C6558A12B7A53620057021E /* TextFieldDoneButton.swift */,
			);
			path = "View Modifiers";
			sourceTree = "<group>";
		};
		5C6E4FD92B8CC52300D77824 /* Util */ = {
			isa = PBXGroup;
			children = (
				5C6E4FD72B8CC4D500D77824 /* View Modifiers */,
				5C6E4FD02B8CC2D500D77824 /* Validation */,
				5CAF48102B6826D900CE486B /* Extensions */,
			);
			path = Util;
			sourceTree = "<group>";
		};
		5C6E4FDC2B8E0D4300D77824 /* Custom Views */ = {
			isa = PBXGroup;
			children = (
				5C6E4FDD2B8E0D6000D77824 /* CustomTextField.swift */,
				5C6E4FE02B8E0DBA00D77824 /* CustomValidatedNumberField.swift */,
				5C6E4FE22B8E0E5800D77824 /* ErrorMessageView.swift */,
				5C6E4FE72B91DEA100D77824 /* CustomMenu.swift */,
			);
			path = "Custom Views";
			sourceTree = "<group>";
		};
		5C6E4FE42B8E0F3F00D77824 /* Adding Property */ = {
			isa = PBXGroup;
			children = (
				5C65589F2B76660F0057021E /* AddNewView.swift */,
				5C6E4FE52B8F08CD00D77824 /* AddTenantView.swift */,
				5C73FDAB2BA2E514008AC476 /* PropertyOptionsView.swift */,
				5C7926692BA56E0400878F58 /* OptionCardView.swift */,
			);
			path = "Adding Property";
			sourceTree = "<group>";
		};
		5CAF47A92B64E43200CE486B /* Realm */ = {
			isa = PBXGroup;
			children = (
				5CAF47AA2B64E44F00CE486B /* RealmRepository.swift */,
				5CFE7F832B7C8CAA005E05FD /* DataProvider.swift */,
				5C2773032B87C9370057CC5D /* Migrator.swift */,
			);
			path = Realm;
			sourceTree = "<group>";
		};
		5CAF47AC2B64E4B500CE486B /* Frameworks */ = {
			isa = PBXGroup;
			children = (
			);
			name = Frameworks;
			sourceTree = "<group>";
		};
		5CAF48002B67A9B200CE486B /* CalculateView */ = {
			isa = PBXGroup;
			children = (
				5CAF47D42B676E4000CE486B /* CalculateView.swift */,
				5CAF48012B67A9DA00CE486B /* AlertButtons.swift */,
				5CAF48032B67ACDA00CE486B /* CalculateViewViewModel.swift */,
			);
			path = CalculateView;
			sourceTree = "<group>";
		};
		5CAF480D2B68263100CE486B /* UpdateTennant */ = {
			isa = PBXGroup;
			children = (
				5CAF480B2B67F21C00CE486B /* UpdateTennantView.swift */,
				5CAF480E2B6826A700CE486B /* UpdateTennantTopCardView.swift */,
				5CAF48162B68314300CE486B /* CircularProgressView.swift */,
				5CAA7B822B68EBFE0087AC86 /* UpdateTennantViewModel.swift */,
			);
			path = UpdateTennant;
			sourceTree = "<group>";
		};
		5CAF48102B6826D900CE486B /* Extensions */ = {
			isa = PBXGroup;
			children = (
				5C664DFA2B6B86B8000AE276 /* Extension+String.swift */,
				5C6E4FCE2B8C8E9900D77824 /* Extension+View.swift */,
				5C6E4FD52B8CC4C500D77824 /* Extension+Field.swift */,
			);
			path = Extensions;
			sourceTree = "<group>";
		};
		5CE2CDBB2B73EA28003FF780 /* Onboarding */ = {
			isa = PBXGroup;
			children = (
				5CEBD7EE2B83889D00F20043 /* Views */,
				5CEBD7EF2B8388D800F20043 /* Managers */,
			);
			path = Onboarding;
			sourceTree = "<group>";
		};
		5CEBD7EE2B83889D00F20043 /* Views */ = {
			isa = PBXGroup;
			children = (
				5CE2CDBC2B73EBE1003FF780 /* OnboardingView.swift */,
				5CE2CDC02B749EAD003FF780 /* OnboardingSubView.swift */,
				5C2772FB2B86657C0057CC5D /* AddFirstPropertyView.swift */,
			);
			path = Views;
			sourceTree = "<group>";
		};
		5CEBD7EF2B8388D800F20043 /* Managers */ = {
			isa = PBXGroup;
			children = (
				5C65589D2B762A120057021E /* OnboardingManager.swift */,
				5CEBD7EA2B8086EE00F20043 /* SessionManager.swift */,
				5C2773012B8764810057CC5D /* AddFirstPropertyManager.swift */,
			);
			path = Managers;
			sourceTree = "<group>";
		};
/* End PBXGroup section */

/* Begin PBXNativeTarget section */
		5C47341F2B6261C00040A0AA /* Tennants */ = {
			isa = PBXNativeTarget;
			buildConfigurationList = 5C4734442B6261C50040A0AA /* Build configuration list for PBXNativeTarget "Tennants" */;
			buildPhases = (
				5C47341C2B6261C00040A0AA /* Sources */,
				5C47341D2B6261C00040A0AA /* Frameworks */,
				5C47341E2B6261C00040A0AA /* Resources */,
			);
			buildRules = (
			);
			dependencies = (
			);
			name = Tennants;
			packageProductDependencies = (
				5CAF47AD2B64E4B500CE486B /* RealmSwift */,
				5CAF47AF2B64E4BE00CE486B /* Realm */,
			);
			productName = Tennants;
			productReference = 5C4734202B6261C00040A0AA /* Tennants.app */;
			productType = "com.apple.product-type.application";
		};
		5C47342F2B6261C50040A0AA /* TennantsTests */ = {
			isa = PBXNativeTarget;
			buildConfigurationList = 5C4734472B6261C50040A0AA /* Build configuration list for PBXNativeTarget "TennantsTests" */;
			buildPhases = (
				5C47342C2B6261C50040A0AA /* Sources */,
				5C47342D2B6261C50040A0AA /* Frameworks */,
				5C47342E2B6261C50040A0AA /* Resources */,
			);
			buildRules = (
			);
			dependencies = (
				5C4734322B6261C50040A0AA /* PBXTargetDependency */,
			);
			name = TennantsTests;
			productName = TennantsTests;
			productReference = 5C4734302B6261C50040A0AA /* TennantsTests.xctest */;
			productType = "com.apple.product-type.bundle.unit-test";
		};
		5C4734392B6261C50040A0AA /* TennantsUITests */ = {
			isa = PBXNativeTarget;
			buildConfigurationList = 5C47344A2B6261C50040A0AA /* Build configuration list for PBXNativeTarget "TennantsUITests" */;
			buildPhases = (
				5C4734362B6261C50040A0AA /* Sources */,
				5C4734372B6261C50040A0AA /* Frameworks */,
				5C4734382B6261C50040A0AA /* Resources */,
			);
			buildRules = (
			);
			dependencies = (
				5C47343C2B6261C50040A0AA /* PBXTargetDependency */,
			);
			name = TennantsUITests;
			productName = TennantsUITests;
			productReference = 5C47343A2B6261C50040A0AA /* TennantsUITests.xctest */;
			productType = "com.apple.product-type.bundle.ui-testing";
		};
/* End PBXNativeTarget section */

/* Begin PBXProject section */
		5C4734182B6261C00040A0AA /* Project object */ = {
			isa = PBXProject;
			attributes = {
				BuildIndependentTargetsInParallel = 1;
				LastSwiftUpdateCheck = 1510;
				LastUpgradeCheck = 1510;
				TargetAttributes = {
					5C47341F2B6261C00040A0AA = {
						CreatedOnToolsVersion = 15.1;
					};
					5C47342F2B6261C50040A0AA = {
						CreatedOnToolsVersion = 15.1;
						TestTargetID = 5C47341F2B6261C00040A0AA;
					};
					5C4734392B6261C50040A0AA = {
						CreatedOnToolsVersion = 15.1;
						TestTargetID = 5C47341F2B6261C00040A0AA;
					};
				};
			};
			buildConfigurationList = 5C47341B2B6261C00040A0AA /* Build configuration list for PBXProject "Tennants" */;
			compatibilityVersion = "Xcode 14.0";
			developmentRegion = en;
			hasScannedForEncodings = 0;
			knownRegions = (
				en,
				Base,
			);
			mainGroup = 5C4734172B6261C00040A0AA;
			packageReferences = (
				5CAF47A82B64E36400CE486B /* XCRemoteSwiftPackageReference "realm-swift" */,
			);
			productRefGroup = 5C4734212B6261C00040A0AA /* Products */;
			projectDirPath = "";
			projectRoot = "";
			targets = (
				5C47341F2B6261C00040A0AA /* Tennants */,
				5C47342F2B6261C50040A0AA /* TennantsTests */,
				5C4734392B6261C50040A0AA /* TennantsUITests */,
			);
		};
/* End PBXProject section */

/* Begin PBXResourcesBuildPhase section */
		5C47341E2B6261C00040A0AA /* Resources */ = {
			isa = PBXResourcesBuildPhase;
			buildActionMask = 2147483647;
			files = (
				5C47342B2B6261C40040A0AA /* Preview Assets.xcassets in Resources */,
				5C4734282B6261C40040A0AA /* Assets.xcassets in Resources */,
			);
			runOnlyForDeploymentPostprocessing = 0;
		};
		5C47342E2B6261C50040A0AA /* Resources */ = {
			isa = PBXResourcesBuildPhase;
			buildActionMask = 2147483647;
			files = (
			);
			runOnlyForDeploymentPostprocessing = 0;
		};
		5C4734382B6261C50040A0AA /* Resources */ = {
			isa = PBXResourcesBuildPhase;
			buildActionMask = 2147483647;
			files = (
			);
			runOnlyForDeploymentPostprocessing = 0;
		};
/* End PBXResourcesBuildPhase section */

/* Begin PBXSourcesBuildPhase section */
		5C47341C2B6261C00040A0AA /* Sources */ = {
			isa = PBXSourcesBuildPhase;
			buildActionMask = 2147483647;
			files = (
				5C2773002B87618A0057CC5D /* NewDataModel.swift in Sources */,
				5C6E4FDB2B8CC92200D77824 /* TextFormView.swift in Sources */,
				5CFE7F842B7C8CAA005E05FD /* DataProvider.swift in Sources */,
				5C6558A22B7A53620057021E /* TextFieldDoneButton.swift in Sources */,
				5CAF480C2B67F21C00CE486B /* UpdateTennantView.swift in Sources */,
				5C47345B2B6377D40040A0AA /* Tennant.swift in Sources */,
				5C6E4FE62B8F08CD00D77824 /* AddTenantView.swift in Sources */,
				5C6E4FE12B8E0DBA00D77824 /* CustomValidatedNumberField.swift in Sources */,
				5CAF47AB2B64E44F00CE486B /* RealmRepository.swift in Sources */,
				5CFE7F822B7C8BB8005E05FD /* CardView.swift in Sources */,
				5CAF480A2B67DA4200CE486B /* CalculatorUseCaseProtocols.swift in Sources */,
				5C6E4FCF2B8C8E9900D77824 /* Extension+View.swift in Sources */,
				5C4734522B6265AE0040A0AA /* TabViewModel.swift in Sources */,
				5C2773042B87C9370057CC5D /* Migrator.swift in Sources */,
				5C664DFB2B6B86B8000AE276 /* Extension+String.swift in Sources */,
				5CE2CDC12B749EAD003FF780 /* OnboardingSubView.swift in Sources */,
				5CD2012D2BA30A1E00A5861C /* PropertyManagementProtocols.swift in Sources */,
				5C4734562B6269640040A0AA /* TennantLandingView.swift in Sources */,
				5CAF48022B67A9DA00CE486B /* AlertButtons.swift in Sources */,
				5C6E4FDE2B8E0D6000D77824 /* CustomTextField.swift in Sources */,
				5C6558A02B76660F0057021E /* AddNewView.swift in Sources */,
				5CE2CDC32B74A8AE003FF780 /* NumberTextField.swift in Sources */,
				5CEBD7EB2B8086EE00F20043 /* SessionManager.swift in Sources */,
				5C6E4FE32B8E0E5800D77824 /* ErrorMessageView.swift in Sources */,
				5CAF48172B68314300CE486B /* CircularProgressView.swift in Sources */,
				5C2772FC2B86657C0057CC5D /* AddFirstPropertyView.swift in Sources */,
				5C6E4FD62B8CC4C500D77824 /* Extension+Field.swift in Sources */,
				5C6E4FE82B91DEA100D77824 /* CustomMenu.swift in Sources */,
				5CEBD7ED2B8342AB00F20043 /* MainAppView.swift in Sources */,
				5C6E4FD42B8CC40C00D77824 /* ValidationModifier.swift in Sources */,
				5C2772FE2B8666970057CC5D /* SingleUnit.swift in Sources */,
				5CAF48042B67ACDA00CE486B /* CalculateViewViewModel.swift in Sources */,
				5CAF47D52B676E4000CE486B /* CalculateView.swift in Sources */,
				5C73FDAC2BA2E514008AC476 /* PropertyOptionsView.swift in Sources */,
				5CAF480F2B6826A700CE486B /* UpdateTennantTopCardView.swift in Sources */,
				5C79266A2BA56E0400878F58 /* OptionCardView.swift in Sources */,
				5C4734262B6261C10040A0AA /* ContentView.swift in Sources */,
				5CE2CDBD2B73EBE1003FF780 /* OnboardingView.swift in Sources */,
				5CAF47A72B64DEB200CE486B /* Property.swift in Sources */,
				5C65589E2B762A120057021E /* OnboardingManager.swift in Sources */,
				5CAF48082B67D9D800CE486B /* TennantUseCaseProtocols.swift in Sources */,
				5CAA7B832B68EBFE0087AC86 /* UpdateTennantViewModel.swift in Sources */,
				5C2773022B8764810057CC5D /* AddFirstPropertyManager.swift in Sources */,
				5CFE7F802B7C8A81005E05FD /* AddView.swift in Sources */,
				5CAF48152B68276900CE486B /* HorizontalAlignment.swift in Sources */,
				5CE2CDBF2B73EC86003FF780 /* BackgroundColour.swift in Sources */,
				5C47344F2B62656E0040A0AA /* TennantTabView.swift in Sources */,
				5C6558A42B7AA4620057021E /* LandingViewModel.swift in Sources */,
				5C6E4FD22B8CC30B00D77824 /* ValidationPreferenceKey.swift in Sources */,
				5C4734242B6261C00040A0AA /* TennantsApp.swift in Sources */,
			);
			runOnlyForDeploymentPostprocessing = 0;
		};
		5C47342C2B6261C50040A0AA /* Sources */ = {
			isa = PBXSourcesBuildPhase;
			buildActionMask = 2147483647;
			files = (
				5C8778582B7104F1008F5CD8 /* RealmTests.swift in Sources */,
				5C664DF92B6B8436000AE276 /* UpdateTennatViewModelTests.swift in Sources */,
				5C4734352B6261C50040A0AA /* TennantsTests.swift in Sources */,
			);
			runOnlyForDeploymentPostprocessing = 0;
		};
		5C4734362B6261C50040A0AA /* Sources */ = {
			isa = PBXSourcesBuildPhase;
			buildActionMask = 2147483647;
			files = (
				5C4734412B6261C50040A0AA /* TennantsUITestsLaunchTests.swift in Sources */,
				5C47343F2B6261C50040A0AA /* TennantsUITests.swift in Sources */,
			);
			runOnlyForDeploymentPostprocessing = 0;
		};
/* End PBXSourcesBuildPhase section */

/* Begin PBXTargetDependency section */
		5C4734322B6261C50040A0AA /* PBXTargetDependency */ = {
			isa = PBXTargetDependency;
			target = 5C47341F2B6261C00040A0AA /* Tennants */;
			targetProxy = 5C4734312B6261C50040A0AA /* PBXContainerItemProxy */;
		};
		5C47343C2B6261C50040A0AA /* PBXTargetDependency */ = {
			isa = PBXTargetDependency;
			target = 5C47341F2B6261C00040A0AA /* Tennants */;
			targetProxy = 5C47343B2B6261C50040A0AA /* PBXContainerItemProxy */;
		};
/* End PBXTargetDependency section */

/* Begin XCBuildConfiguration section */
		5C4734422B6261C50040A0AA /* Debug */ = {
			isa = XCBuildConfiguration;
			buildSettings = {
				ALWAYS_SEARCH_USER_PATHS = NO;
				ASSETCATALOG_COMPILER_GENERATE_SWIFT_ASSET_SYMBOL_EXTENSIONS = YES;
				CLANG_ANALYZER_NONNULL = YES;
				CLANG_ANALYZER_NUMBER_OBJECT_CONVERSION = YES_AGGRESSIVE;
				CLANG_CXX_LANGUAGE_STANDARD = "gnu++20";
				CLANG_ENABLE_MODULES = YES;
				CLANG_ENABLE_OBJC_ARC = YES;
				CLANG_ENABLE_OBJC_WEAK = YES;
				CLANG_WARN_BLOCK_CAPTURE_AUTORELEASING = YES;
				CLANG_WARN_BOOL_CONVERSION = YES;
				CLANG_WARN_COMMA = YES;
				CLANG_WARN_CONSTANT_CONVERSION = YES;
				CLANG_WARN_DEPRECATED_OBJC_IMPLEMENTATIONS = YES;
				CLANG_WARN_DIRECT_OBJC_ISA_USAGE = YES_ERROR;
				CLANG_WARN_DOCUMENTATION_COMMENTS = YES;
				CLANG_WARN_EMPTY_BODY = YES;
				CLANG_WARN_ENUM_CONVERSION = YES;
				CLANG_WARN_INFINITE_RECURSION = YES;
				CLANG_WARN_INT_CONVERSION = YES;
				CLANG_WARN_NON_LITERAL_NULL_CONVERSION = YES;
				CLANG_WARN_OBJC_IMPLICIT_RETAIN_SELF = YES;
				CLANG_WARN_OBJC_LITERAL_CONVERSION = YES;
				CLANG_WARN_OBJC_ROOT_CLASS = YES_ERROR;
				CLANG_WARN_QUOTED_INCLUDE_IN_FRAMEWORK_HEADER = YES;
				CLANG_WARN_RANGE_LOOP_ANALYSIS = YES;
				CLANG_WARN_STRICT_PROTOTYPES = YES;
				CLANG_WARN_SUSPICIOUS_MOVE = YES;
				CLANG_WARN_UNGUARDED_AVAILABILITY = YES_AGGRESSIVE;
				CLANG_WARN_UNREACHABLE_CODE = YES;
				CLANG_WARN__DUPLICATE_METHOD_MATCH = YES;
				COPY_PHASE_STRIP = NO;
				DEBUG_INFORMATION_FORMAT = dwarf;
				ENABLE_STRICT_OBJC_MSGSEND = YES;
				ENABLE_TESTABILITY = YES;
				ENABLE_USER_SCRIPT_SANDBOXING = YES;
				GCC_C_LANGUAGE_STANDARD = gnu17;
				GCC_DYNAMIC_NO_PIC = NO;
				GCC_NO_COMMON_BLOCKS = YES;
				GCC_OPTIMIZATION_LEVEL = 0;
				GCC_PREPROCESSOR_DEFINITIONS = (
					"DEBUG=1",
					"$(inherited)",
				);
				GCC_WARN_64_TO_32_BIT_CONVERSION = YES;
				GCC_WARN_ABOUT_RETURN_TYPE = YES_ERROR;
				GCC_WARN_UNDECLARED_SELECTOR = YES;
				GCC_WARN_UNINITIALIZED_AUTOS = YES_AGGRESSIVE;
				GCC_WARN_UNUSED_FUNCTION = YES;
				GCC_WARN_UNUSED_VARIABLE = YES;
				IPHONEOS_DEPLOYMENT_TARGET = 17.2;
				LOCALIZATION_PREFERS_STRING_CATALOGS = YES;
				MTL_ENABLE_DEBUG_INFO = INCLUDE_SOURCE;
				MTL_FAST_MATH = YES;
				ONLY_ACTIVE_ARCH = YES;
				SDKROOT = iphoneos;
				SWIFT_ACTIVE_COMPILATION_CONDITIONS = "DEBUG $(inherited)";
				SWIFT_OPTIMIZATION_LEVEL = "-Onone";
			};
			name = Debug;
		};
		5C4734432B6261C50040A0AA /* Release */ = {
			isa = XCBuildConfiguration;
			buildSettings = {
				ALWAYS_SEARCH_USER_PATHS = NO;
				ASSETCATALOG_COMPILER_GENERATE_SWIFT_ASSET_SYMBOL_EXTENSIONS = YES;
				CLANG_ANALYZER_NONNULL = YES;
				CLANG_ANALYZER_NUMBER_OBJECT_CONVERSION = YES_AGGRESSIVE;
				CLANG_CXX_LANGUAGE_STANDARD = "gnu++20";
				CLANG_ENABLE_MODULES = YES;
				CLANG_ENABLE_OBJC_ARC = YES;
				CLANG_ENABLE_OBJC_WEAK = YES;
				CLANG_WARN_BLOCK_CAPTURE_AUTORELEASING = YES;
				CLANG_WARN_BOOL_CONVERSION = YES;
				CLANG_WARN_COMMA = YES;
				CLANG_WARN_CONSTANT_CONVERSION = YES;
				CLANG_WARN_DEPRECATED_OBJC_IMPLEMENTATIONS = YES;
				CLANG_WARN_DIRECT_OBJC_ISA_USAGE = YES_ERROR;
				CLANG_WARN_DOCUMENTATION_COMMENTS = YES;
				CLANG_WARN_EMPTY_BODY = YES;
				CLANG_WARN_ENUM_CONVERSION = YES;
				CLANG_WARN_INFINITE_RECURSION = YES;
				CLANG_WARN_INT_CONVERSION = YES;
				CLANG_WARN_NON_LITERAL_NULL_CONVERSION = YES;
				CLANG_WARN_OBJC_IMPLICIT_RETAIN_SELF = YES;
				CLANG_WARN_OBJC_LITERAL_CONVERSION = YES;
				CLANG_WARN_OBJC_ROOT_CLASS = YES_ERROR;
				CLANG_WARN_QUOTED_INCLUDE_IN_FRAMEWORK_HEADER = YES;
				CLANG_WARN_RANGE_LOOP_ANALYSIS = YES;
				CLANG_WARN_STRICT_PROTOTYPES = YES;
				CLANG_WARN_SUSPICIOUS_MOVE = YES;
				CLANG_WARN_UNGUARDED_AVAILABILITY = YES_AGGRESSIVE;
				CLANG_WARN_UNREACHABLE_CODE = YES;
				CLANG_WARN__DUPLICATE_METHOD_MATCH = YES;
				COPY_PHASE_STRIP = NO;
				DEBUG_INFORMATION_FORMAT = "dwarf-with-dsym";
				ENABLE_NS_ASSERTIONS = NO;
				ENABLE_STRICT_OBJC_MSGSEND = YES;
				ENABLE_USER_SCRIPT_SANDBOXING = YES;
				GCC_C_LANGUAGE_STANDARD = gnu17;
				GCC_NO_COMMON_BLOCKS = YES;
				GCC_WARN_64_TO_32_BIT_CONVERSION = YES;
				GCC_WARN_ABOUT_RETURN_TYPE = YES_ERROR;
				GCC_WARN_UNDECLARED_SELECTOR = YES;
				GCC_WARN_UNINITIALIZED_AUTOS = YES_AGGRESSIVE;
				GCC_WARN_UNUSED_FUNCTION = YES;
				GCC_WARN_UNUSED_VARIABLE = YES;
				IPHONEOS_DEPLOYMENT_TARGET = 17.2;
				LOCALIZATION_PREFERS_STRING_CATALOGS = YES;
				MTL_ENABLE_DEBUG_INFO = NO;
				MTL_FAST_MATH = YES;
				SDKROOT = iphoneos;
				SWIFT_COMPILATION_MODE = wholemodule;
				VALIDATE_PRODUCT = YES;
			};
			name = Release;
		};
		5C4734452B6261C50040A0AA /* Debug */ = {
			isa = XCBuildConfiguration;
			buildSettings = {
				ASSETCATALOG_COMPILER_APPICON_NAME = AppIcon;
				ASSETCATALOG_COMPILER_GLOBAL_ACCENT_COLOR_NAME = AccentColor;
				CODE_SIGN_STYLE = Automatic;
				CURRENT_PROJECT_VERSION = 1;
				DEVELOPMENT_ASSET_PATHS = "\"Tennants/Preview Content\"";
				DEVELOPMENT_TEAM = 9673UJWKD5;
				ENABLE_PREVIEWS = YES;
				GENERATE_INFOPLIST_FILE = YES;
				INFOPLIST_KEY_UIApplicationSceneManifest_Generation = YES;
				INFOPLIST_KEY_UIApplicationSupportsIndirectInputEvents = YES;
				INFOPLIST_KEY_UILaunchScreen_Generation = YES;
				INFOPLIST_KEY_UISupportedInterfaceOrientations_iPad = "UIInterfaceOrientationPortrait UIInterfaceOrientationPortraitUpsideDown UIInterfaceOrientationLandscapeLeft UIInterfaceOrientationLandscapeRight";
				INFOPLIST_KEY_UISupportedInterfaceOrientations_iPhone = "UIInterfaceOrientationPortrait UIInterfaceOrientationLandscapeLeft UIInterfaceOrientationLandscapeRight";
				LD_RUNPATH_SEARCH_PATHS = (
					"$(inherited)",
					"@executable_path/Frameworks",
				);
				MARKETING_VERSION = 1.0;
				PRODUCT_BUNDLE_IDENTIFIER = com.sibu.Tennants;
				PRODUCT_NAME = "$(TARGET_NAME)";
				SWIFT_EMIT_LOC_STRINGS = YES;
				SWIFT_VERSION = 5.0;
				TARGETED_DEVICE_FAMILY = "1,2";
			};
			name = Debug;
		};
		5C4734462B6261C50040A0AA /* Release */ = {
			isa = XCBuildConfiguration;
			buildSettings = {
				ASSETCATALOG_COMPILER_APPICON_NAME = AppIcon;
				ASSETCATALOG_COMPILER_GLOBAL_ACCENT_COLOR_NAME = AccentColor;
				CODE_SIGN_STYLE = Automatic;
				CURRENT_PROJECT_VERSION = 1;
				DEVELOPMENT_ASSET_PATHS = "\"Tennants/Preview Content\"";
				DEVELOPMENT_TEAM = 9673UJWKD5;
				ENABLE_PREVIEWS = YES;
				GENERATE_INFOPLIST_FILE = YES;
				INFOPLIST_KEY_UIApplicationSceneManifest_Generation = YES;
				INFOPLIST_KEY_UIApplicationSupportsIndirectInputEvents = YES;
				INFOPLIST_KEY_UILaunchScreen_Generation = YES;
				INFOPLIST_KEY_UISupportedInterfaceOrientations_iPad = "UIInterfaceOrientationPortrait UIInterfaceOrientationPortraitUpsideDown UIInterfaceOrientationLandscapeLeft UIInterfaceOrientationLandscapeRight";
				INFOPLIST_KEY_UISupportedInterfaceOrientations_iPhone = "UIInterfaceOrientationPortrait UIInterfaceOrientationLandscapeLeft UIInterfaceOrientationLandscapeRight";
				LD_RUNPATH_SEARCH_PATHS = (
					"$(inherited)",
					"@executable_path/Frameworks",
				);
				MARKETING_VERSION = 1.0;
				PRODUCT_BUNDLE_IDENTIFIER = com.sibu.Tennants;
				PRODUCT_NAME = "$(TARGET_NAME)";
				SWIFT_EMIT_LOC_STRINGS = YES;
				SWIFT_VERSION = 5.0;
				TARGETED_DEVICE_FAMILY = "1,2";
			};
			name = Release;
		};
		5C4734482B6261C50040A0AA /* Debug */ = {
			isa = XCBuildConfiguration;
			buildSettings = {
				ALWAYS_EMBED_SWIFT_STANDARD_LIBRARIES = YES;
				BUNDLE_LOADER = "$(TEST_HOST)";
				CODE_SIGN_STYLE = Automatic;
				CURRENT_PROJECT_VERSION = 1;
				DEVELOPMENT_TEAM = 9673UJWKD5;
				GENERATE_INFOPLIST_FILE = YES;
				IPHONEOS_DEPLOYMENT_TARGET = 17.2;
				MARKETING_VERSION = 1.0;
				PRODUCT_BUNDLE_IDENTIFIER = com.sibu.TennantsTests;
				PRODUCT_NAME = "$(TARGET_NAME)";
				SWIFT_EMIT_LOC_STRINGS = NO;
				SWIFT_VERSION = 5.0;
				TARGETED_DEVICE_FAMILY = "1,2";
				TEST_HOST = "$(BUILT_PRODUCTS_DIR)/Tennants.app/$(BUNDLE_EXECUTABLE_FOLDER_PATH)/Tennants";
			};
			name = Debug;
		};
		5C4734492B6261C50040A0AA /* Release */ = {
			isa = XCBuildConfiguration;
			buildSettings = {
				ALWAYS_EMBED_SWIFT_STANDARD_LIBRARIES = YES;
				BUNDLE_LOADER = "$(TEST_HOST)";
				CODE_SIGN_STYLE = Automatic;
				CURRENT_PROJECT_VERSION = 1;
				DEVELOPMENT_TEAM = 9673UJWKD5;
				GENERATE_INFOPLIST_FILE = YES;
				IPHONEOS_DEPLOYMENT_TARGET = 17.2;
				MARKETING_VERSION = 1.0;
				PRODUCT_BUNDLE_IDENTIFIER = com.sibu.TennantsTests;
				PRODUCT_NAME = "$(TARGET_NAME)";
				SWIFT_EMIT_LOC_STRINGS = NO;
				SWIFT_VERSION = 5.0;
				TARGETED_DEVICE_FAMILY = "1,2";
				TEST_HOST = "$(BUILT_PRODUCTS_DIR)/Tennants.app/$(BUNDLE_EXECUTABLE_FOLDER_PATH)/Tennants";
			};
			name = Release;
		};
		5C47344B2B6261C50040A0AA /* Debug */ = {
			isa = XCBuildConfiguration;
			buildSettings = {
				ALWAYS_EMBED_SWIFT_STANDARD_LIBRARIES = YES;
				CODE_SIGN_STYLE = Automatic;
				CURRENT_PROJECT_VERSION = 1;
				DEVELOPMENT_TEAM = 9673UJWKD5;
				GENERATE_INFOPLIST_FILE = YES;
				MARKETING_VERSION = 1.0;
				PRODUCT_BUNDLE_IDENTIFIER = com.sibu.TennantsUITests;
				PRODUCT_NAME = "$(TARGET_NAME)";
				SWIFT_EMIT_LOC_STRINGS = NO;
				SWIFT_VERSION = 5.0;
				TARGETED_DEVICE_FAMILY = "1,2";
				TEST_TARGET_NAME = Tennants;
			};
			name = Debug;
		};
		5C47344C2B6261C50040A0AA /* Release */ = {
			isa = XCBuildConfiguration;
			buildSettings = {
				ALWAYS_EMBED_SWIFT_STANDARD_LIBRARIES = YES;
				CODE_SIGN_STYLE = Automatic;
				CURRENT_PROJECT_VERSION = 1;
				DEVELOPMENT_TEAM = 9673UJWKD5;
				GENERATE_INFOPLIST_FILE = YES;
				MARKETING_VERSION = 1.0;
				PRODUCT_BUNDLE_IDENTIFIER = com.sibu.TennantsUITests;
				PRODUCT_NAME = "$(TARGET_NAME)";
				SWIFT_EMIT_LOC_STRINGS = NO;
				SWIFT_VERSION = 5.0;
				TARGETED_DEVICE_FAMILY = "1,2";
				TEST_TARGET_NAME = Tennants;
			};
			name = Release;
		};
/* End XCBuildConfiguration section */

/* Begin XCConfigurationList section */
		5C47341B2B6261C00040A0AA /* Build configuration list for PBXProject "Tennants" */ = {
			isa = XCConfigurationList;
			buildConfigurations = (
				5C4734422B6261C50040A0AA /* Debug */,
				5C4734432B6261C50040A0AA /* Release */,
			);
			defaultConfigurationIsVisible = 0;
			defaultConfigurationName = Release;
		};
		5C4734442B6261C50040A0AA /* Build configuration list for PBXNativeTarget "Tennants" */ = {
			isa = XCConfigurationList;
			buildConfigurations = (
				5C4734452B6261C50040A0AA /* Debug */,
				5C4734462B6261C50040A0AA /* Release */,
			);
			defaultConfigurationIsVisible = 0;
			defaultConfigurationName = Release;
		};
		5C4734472B6261C50040A0AA /* Build configuration list for PBXNativeTarget "TennantsTests" */ = {
			isa = XCConfigurationList;
			buildConfigurations = (
				5C4734482B6261C50040A0AA /* Debug */,
				5C4734492B6261C50040A0AA /* Release */,
			);
			defaultConfigurationIsVisible = 0;
			defaultConfigurationName = Release;
		};
		5C47344A2B6261C50040A0AA /* Build configuration list for PBXNativeTarget "TennantsUITests" */ = {
			isa = XCConfigurationList;
			buildConfigurations = (
				5C47344B2B6261C50040A0AA /* Debug */,
				5C47344C2B6261C50040A0AA /* Release */,
			);
			defaultConfigurationIsVisible = 0;
			defaultConfigurationName = Release;
		};
/* End XCConfigurationList section */

/* Begin XCRemoteSwiftPackageReference section */
		5CAF47A82B64E36400CE486B /* XCRemoteSwiftPackageReference "realm-swift" */ = {
			isa = XCRemoteSwiftPackageReference;
			repositoryURL = "https://github.com/realm/realm-swift/";
			requirement = {
				branch = master;
				kind = branch;
			};
		};
/* End XCRemoteSwiftPackageReference section */

/* Begin XCSwiftPackageProductDependency section */
		5CAF47AD2B64E4B500CE486B /* RealmSwift */ = {
			isa = XCSwiftPackageProductDependency;
			package = 5CAF47A82B64E36400CE486B /* XCRemoteSwiftPackageReference "realm-swift" */;
			productName = RealmSwift;
		};
		5CAF47AF2B64E4BE00CE486B /* Realm */ = {
			isa = XCSwiftPackageProductDependency;
			package = 5CAF47A82B64E36400CE486B /* XCRemoteSwiftPackageReference "realm-swift" */;
			productName = Realm;
		};
/* End XCSwiftPackageProductDependency section */
	};
	rootObject = 5C4734182B6261C00040A0AA /* Project object */;
}
