// !$*UTF8*$!
{
	archiveVersion = 1;
	classes = {
	};
	objectVersion = 56;
	objects = {

/* Begin PBXBuildFile section */
		5C0089A92BF32FBF0061C00B /* MainAppView.swift in Sources */ = {isa = PBXBuildFile; fileRef = 5C0089A82BF32FBE0061C00B /* MainAppView.swift */; };
		5C0089BA2BF32FE00061C00B /* AddFirstPropertyManager.swift in Sources */ = {isa = PBXBuildFile; fileRef = 5C0089AB2BF32FE00061C00B /* AddFirstPropertyManager.swift */; };
		5C0089BC2BF32FE00061C00B /* OnboardingManager.swift in Sources */ = {isa = PBXBuildFile; fileRef = 5C0089AD2BF32FE00061C00B /* OnboardingManager.swift */; };
		5C0089BE2BF32FE00061C00B /* SessionManager.swift in Sources */ = {isa = PBXBuildFile; fileRef = 5C0089AF2BF32FE00061C00B /* SessionManager.swift */; };
		5C0089C22BF32FE00061C00B /* OnboardingSubView.swift in Sources */ = {isa = PBXBuildFile; fileRef = 5C0089B42BF32FE00061C00B /* OnboardingSubView.swift */; };
		5C0089C42BF32FE00061C00B /* OnboardingView.swift in Sources */ = {isa = PBXBuildFile; fileRef = 5C0089B62BF32FE00061C00B /* OnboardingView.swift */; };
		5C0089CB2BF330390061C00B /* TabViewModel.swift in Sources */ = {isa = PBXBuildFile; fileRef = 5C0089C62BF330390061C00B /* TabViewModel.swift */; };
		5C0089CD2BF330390061C00B /* TennantTabView.swift in Sources */ = {isa = PBXBuildFile; fileRef = 5C0089C82BF330390061C00B /* TennantTabView.swift */; };
		5C0089D02BF330FC0061C00B /* PropertiesView.swift in Sources */ = {isa = PBXBuildFile; fileRef = 5C0089CF2BF330FC0061C00B /* PropertiesView.swift */; };
		5C0089D42BF331580061C00B /* MyLibrary in Frameworks */ = {isa = PBXBuildFile; productRef = 5C0089D32BF331580061C00B /* MyLibrary */; };
		5C0089DD2BF345330061C00B /* PropertiesManager.swift in Sources */ = {isa = PBXBuildFile; fileRef = 5C0089DC2BF345330061C00B /* PropertiesManager.swift */; };
		5C0089E32BF34A4D0061C00B /* NewDataModel.swift in Sources */ = {isa = PBXBuildFile; fileRef = 5C0089DE2BF34A4D0061C00B /* NewDataModel.swift */; };
		5C0089E42BF34A4D0061C00B /* Property.swift in Sources */ = {isa = PBXBuildFile; fileRef = 5C0089DF2BF34A4D0061C00B /* Property.swift */; };
		5C0089E52BF34A4D0061C00B /* SingleUnit.swift in Sources */ = {isa = PBXBuildFile; fileRef = 5C0089E02BF34A4D0061C00B /* SingleUnit.swift */; };
		5C0089E62BF34A4D0061C00B /* Tennant.swift in Sources */ = {isa = PBXBuildFile; fileRef = 5C0089E12BF34A4D0061C00B /* Tennant.swift */; };
		5C05CB122BFF552B00BF7297 /* DocumentPicker.swift in Sources */ = {isa = PBXBuildFile; fileRef = 5C05CB112BFF552B00BF7297 /* DocumentPicker.swift */; };
		5C0B9B652C60F28D00362893 /* PropertyDetailViewModel.swift in Sources */ = {isa = PBXBuildFile; fileRef = 5C0B9B642C60F28D00362893 /* PropertyDetailViewModel.swift */; };
		5C0B9B682C611E2500362893 /* AddTenantView.swift in Sources */ = {isa = PBXBuildFile; fileRef = 5C0B9B672C611E2500362893 /* AddTenantView.swift */; };
		5C0D5DB52C5D05D400440001 /* APIManagerTests.swift in Sources */ = {isa = PBXBuildFile; fileRef = 5C0D5DB42C5D05D400440001 /* APIManagerTests.swift */; };
		5C0F30102C67708300B7630E /* TenantDataProvider.swift in Sources */ = {isa = PBXBuildFile; fileRef = 5C0F300F2C67708300B7630E /* TenantDataProvider.swift */; };
		5C1A64012BFB6D92007CAEBF /* UpdateTennantViewModel.swift in Sources */ = {isa = PBXBuildFile; fileRef = 5C1A63FF2BFB6D92007CAEBF /* UpdateTennantViewModel.swift */; };
		5C1A64022BFB6D92007CAEBF /* UpdateTennantView.swift in Sources */ = {isa = PBXBuildFile; fileRef = 5C1A64002BFB6D92007CAEBF /* UpdateTennantView.swift */; };
		5C1F469A2C16CAB800F1482B /* TenantPaymentData.swift in Sources */ = {isa = PBXBuildFile; fileRef = 5C1F46992C16CAB800F1482B /* TenantPaymentData.swift */; };
		5C1F469C2C17059000F1482B /* NetworkManager.swift in Sources */ = {isa = PBXBuildFile; fileRef = 5C1F469B2C17059000F1482B /* NetworkManager.swift */; };
		5C1F469E2C1B23D000F1482B /* PDFReaderView.swift in Sources */ = {isa = PBXBuildFile; fileRef = 5C1F469D2C1B23D000F1482B /* PDFReaderView.swift */; };
		5C1F46A02C1C589E00F1482B /* History.swift in Sources */ = {isa = PBXBuildFile; fileRef = 5C1F469F2C1C589E00F1482B /* History.swift */; };
		5C25D5D32C05C6C300C24658 /* GoogleService-Info.plist in Resources */ = {isa = PBXBuildFile; fileRef = 5C25D5D22C05C6C300C24658 /* GoogleService-Info.plist */; };
		5C25D5D72C05C81D00C24658 /* FirebaseAnalytics in Frameworks */ = {isa = PBXBuildFile; productRef = 5C25D5D62C05C81D00C24658 /* FirebaseAnalytics */; };
		5C25D5D92C05C82300C24658 /* FirebaseAnalyticsSwift in Frameworks */ = {isa = PBXBuildFile; productRef = 5C25D5D82C05C82300C24658 /* FirebaseAnalyticsSwift */; };
		5C25D5DB2C05C82D00C24658 /* FirebaseAppCheck in Frameworks */ = {isa = PBXBuildFile; productRef = 5C25D5DA2C05C82D00C24658 /* FirebaseAppCheck */; };
		5C25D5DD2C05C83800C24658 /* FirebaseAuth in Frameworks */ = {isa = PBXBuildFile; productRef = 5C25D5DC2C05C83800C24658 /* FirebaseAuth */; };
		5C25D5DF2C05C84500C24658 /* FirebaseFirestore in Frameworks */ = {isa = PBXBuildFile; productRef = 5C25D5DE2C05C84500C24658 /* FirebaseFirestore */; };
		5C25D5E12C05C85800C24658 /* FirebaseRemoteConfigSwift in Frameworks */ = {isa = PBXBuildFile; productRef = 5C25D5E02C05C85700C24658 /* FirebaseRemoteConfigSwift */; };
		5C25D5E32C05C86600C24658 /* FirebaseFirestoreSwift in Frameworks */ = {isa = PBXBuildFile; productRef = 5C25D5E22C05C86600C24658 /* FirebaseFirestoreSwift */; };
		5C25D5E52C05E08900C24658 /* FileDataManager.swift in Sources */ = {isa = PBXBuildFile; fileRef = 5C25D5E42C05E08900C24658 /* FileDataManager.swift */; };
		5C25D5E72C05E0F900C24658 /* FirebaseStorage in Frameworks */ = {isa = PBXBuildFile; productRef = 5C25D5E62C05E0F900C24658 /* FirebaseStorage */; };
		5C3E31952C3BDE1100321EB3 /* HistoryView.swift in Sources */ = {isa = PBXBuildFile; fileRef = 5C3E31942C3BDE1100321EB3 /* HistoryView.swift */; };
		5C3E31982C3E672300321EB3 /* SwiftDataRepository.swift in Sources */ = {isa = PBXBuildFile; fileRef = 5C3E31972C3E672300321EB3 /* SwiftDataRepository.swift */; };
		5C3E319B2C3E7CAD00321EB3 /* HistoryDataProvider.swift in Sources */ = {isa = PBXBuildFile; fileRef = 5C3E319A2C3E7CAD00321EB3 /* HistoryDataProvider.swift */; };
		5C3E319D2C400DFF00321EB3 /* ApiDataManager.swift in Sources */ = {isa = PBXBuildFile; fileRef = 5C3E319C2C400DFF00321EB3 /* ApiDataManager.swift */; };
		5C4734242B6261C00040A0AA /* TennantsApp.swift in Sources */ = {isa = PBXBuildFile; fileRef = 5C4734232B6261C00040A0AA /* TennantsApp.swift */; };
		5C4734262B6261C10040A0AA /* ContentView.swift in Sources */ = {isa = PBXBuildFile; fileRef = 5C4734252B6261C10040A0AA /* ContentView.swift */; };
		5C4734282B6261C40040A0AA /* Assets.xcassets in Resources */ = {isa = PBXBuildFile; fileRef = 5C4734272B6261C40040A0AA /* Assets.xcassets */; };
		5C47342B2B6261C40040A0AA /* Preview Assets.xcassets in Resources */ = {isa = PBXBuildFile; fileRef = 5C47342A2B6261C40040A0AA /* Preview Assets.xcassets */; };
		5C4734352B6261C50040A0AA /* FileManagerTests.swift in Sources */ = {isa = PBXBuildFile; fileRef = 5C4734342B6261C50040A0AA /* FileManagerTests.swift */; };
		5C47343F2B6261C50040A0AA /* TennantsUITests.swift in Sources */ = {isa = PBXBuildFile; fileRef = 5C47343E2B6261C50040A0AA /* TennantsUITests.swift */; };
		5C4734412B6261C50040A0AA /* TennantsUITestsLaunchTests.swift in Sources */ = {isa = PBXBuildFile; fileRef = 5C4734402B6261C50040A0AA /* TennantsUITestsLaunchTests.swift */; };
		5C620CF12C722BA7001F54E6 /* AddTenantViewModel.swift in Sources */ = {isa = PBXBuildFile; fileRef = 5C620CF02C722BA7001F54E6 /* AddTenantViewModel.swift */; };
		5C9B30AB2C760C9A001669E9 /* TenantManager.swift in Sources */ = {isa = PBXBuildFile; fileRef = 5C9B30AA2C760C9A001669E9 /* TenantManager.swift */; };
		5CAB08DF2BFCAF5500603758 /* PropertyDetailView.swift in Sources */ = {isa = PBXBuildFile; fileRef = 5CAB08DE2BFCAF5500603758 /* PropertyDetailView.swift */; };
		5CB29C452C49634600BC8220 /* Launch Screen.storyboard in Resources */ = {isa = PBXBuildFile; fileRef = 5CB29C442C49634600BC8220 /* Launch Screen.storyboard */; };
		5CD215FB2BF49FA00035F729 /* AddPropertyView.swift in Sources */ = {isa = PBXBuildFile; fileRef = 5CD215FA2BF49FA00035F729 /* AddPropertyView.swift */; };
		5CD215FE2BF4CC930035F729 /* EditUnitView.swift in Sources */ = {isa = PBXBuildFile; fileRef = 5CD215FD2BF4CC930035F729 /* EditUnitView.swift */; };
		5CD216002BF4F1840035F729 /* UnitManager.swift in Sources */ = {isa = PBXBuildFile; fileRef = 5CD215FF2BF4F1840035F729 /* UnitManager.swift */; };
		5CDA50CE2C458DD50040E268 /* PropertiesDataProvider.swift in Sources */ = {isa = PBXBuildFile; fileRef = 5CDA50CD2C458DD50040E268 /* PropertiesDataProvider.swift */; };
		5CDA50D02C4592080040E268 /* UnitsDataProvider.swift in Sources */ = {isa = PBXBuildFile; fileRef = 5CDA50CF2C4592080040E268 /* UnitsDataProvider.swift */; };
		5CDA50D22C4636920040E268 /* PropertiesViewModel.swift in Sources */ = {isa = PBXBuildFile; fileRef = 5CDA50D12C4636920040E268 /* PropertiesViewModel.swift */; };
		5CF646072C7F5E290031B2B0 /* RealmRepository.swift in Sources */ = {isa = PBXBuildFile; fileRef = 5CF646062C7F5E290031B2B0 /* RealmRepository.swift */; };
		5CF6460A2C7F61DC0031B2B0 /* RealmSwift in Frameworks */ = {isa = PBXBuildFile; productRef = 5CF646092C7F61DC0031B2B0 /* RealmSwift */; };
		5CF6460B2C7F62040031B2B0 /* RealmSwift in Embed Frameworks */ = {isa = PBXBuildFile; productRef = 5CF646092C7F61DC0031B2B0 /* RealmSwift */; settings = {ATTRIBUTES = (CodeSignOnCopy, ); }; };
/* End PBXBuildFile section */

/* Begin PBXContainerItemProxy section */
		5C4734312B6261C50040A0AA /* PBXContainerItemProxy */ = {
			isa = PBXContainerItemProxy;
			containerPortal = 5C4734182B6261C00040A0AA /* Project object */;
			proxyType = 1;
			remoteGlobalIDString = 5C47341F2B6261C00040A0AA;
			remoteInfo = Tennants;
		};
		5C47343B2B6261C50040A0AA /* PBXContainerItemProxy */ = {
			isa = PBXContainerItemProxy;
			containerPortal = 5C4734182B6261C00040A0AA /* Project object */;
			proxyType = 1;
			remoteGlobalIDString = 5C47341F2B6261C00040A0AA;
			remoteInfo = Tennants;
		};
/* End PBXContainerItemProxy section */

/* Begin PBXCopyFilesBuildPhase section */
		5CED45502C0E01AE00CEB28D /* Embed Frameworks */ = {
			isa = PBXCopyFilesBuildPhase;
			buildActionMask = 2147483647;
			dstPath = "";
			dstSubfolderSpec = 10;
			files = (
				5CF6460B2C7F62040031B2B0 /* RealmSwift in Embed Frameworks */,
			);
			name = "Embed Frameworks";
			runOnlyForDeploymentPostprocessing = 0;
		};
/* End PBXCopyFilesBuildPhase section */

/* Begin PBXFileReference section */
		5C0089A82BF32FBE0061C00B /* MainAppView.swift */ = {isa = PBXFileReference; fileEncoding = 4; lastKnownFileType = sourcecode.swift; name = MainAppView.swift; path = "../../../../../Library/Mobile Documents/com~apple~CloudDocs/Tennant/Tennants/Tennants/MainAppView.swift"; sourceTree = "<group>"; };
		5C0089AB2BF32FE00061C00B /* AddFirstPropertyManager.swift */ = {isa = PBXFileReference; fileEncoding = 4; lastKnownFileType = sourcecode.swift; path = AddFirstPropertyManager.swift; sourceTree = "<group>"; };
		5C0089AD2BF32FE00061C00B /* OnboardingManager.swift */ = {isa = PBXFileReference; fileEncoding = 4; lastKnownFileType = sourcecode.swift; path = OnboardingManager.swift; sourceTree = "<group>"; };
		5C0089AF2BF32FE00061C00B /* SessionManager.swift */ = {isa = PBXFileReference; fileEncoding = 4; lastKnownFileType = sourcecode.swift; path = SessionManager.swift; sourceTree = "<group>"; };
		5C0089B42BF32FE00061C00B /* OnboardingSubView.swift */ = {isa = PBXFileReference; fileEncoding = 4; lastKnownFileType = sourcecode.swift; path = OnboardingSubView.swift; sourceTree = "<group>"; };
		5C0089B62BF32FE00061C00B /* OnboardingView.swift */ = {isa = PBXFileReference; fileEncoding = 4; lastKnownFileType = sourcecode.swift; path = OnboardingView.swift; sourceTree = "<group>"; };
		5C0089C62BF330390061C00B /* TabViewModel.swift */ = {isa = PBXFileReference; fileEncoding = 4; lastKnownFileType = sourcecode.swift; path = TabViewModel.swift; sourceTree = "<group>"; };
		5C0089C82BF330390061C00B /* TennantTabView.swift */ = {isa = PBXFileReference; fileEncoding = 4; lastKnownFileType = sourcecode.swift; path = TennantTabView.swift; sourceTree = "<group>"; };
		5C0089CF2BF330FC0061C00B /* PropertiesView.swift */ = {isa = PBXFileReference; lastKnownFileType = sourcecode.swift; path = PropertiesView.swift; sourceTree = "<group>"; };
		5C0089DC2BF345330061C00B /* PropertiesManager.swift */ = {isa = PBXFileReference; lastKnownFileType = sourcecode.swift; path = PropertiesManager.swift; sourceTree = "<group>"; };
		5C0089DE2BF34A4D0061C00B /* NewDataModel.swift */ = {isa = PBXFileReference; fileEncoding = 4; lastKnownFileType = sourcecode.swift; path = NewDataModel.swift; sourceTree = "<group>"; };
		5C0089DF2BF34A4D0061C00B /* Property.swift */ = {isa = PBXFileReference; fileEncoding = 4; lastKnownFileType = sourcecode.swift; path = Property.swift; sourceTree = "<group>"; };
		5C0089E02BF34A4D0061C00B /* SingleUnit.swift */ = {isa = PBXFileReference; fileEncoding = 4; lastKnownFileType = sourcecode.swift; path = SingleUnit.swift; sourceTree = "<group>"; };
		5C0089E12BF34A4D0061C00B /* Tennant.swift */ = {isa = PBXFileReference; fileEncoding = 4; lastKnownFileType = sourcecode.swift; path = Tennant.swift; sourceTree = "<group>"; };
		5C05CB112BFF552B00BF7297 /* DocumentPicker.swift */ = {isa = PBXFileReference; lastKnownFileType = sourcecode.swift; path = DocumentPicker.swift; sourceTree = "<group>"; };
		5C0B9B642C60F28D00362893 /* PropertyDetailViewModel.swift */ = {isa = PBXFileReference; lastKnownFileType = sourcecode.swift; path = PropertyDetailViewModel.swift; sourceTree = "<group>"; };
		5C0B9B672C611E2500362893 /* AddTenantView.swift */ = {isa = PBXFileReference; lastKnownFileType = sourcecode.swift; path = AddTenantView.swift; sourceTree = "<group>"; };
		5C0D5DB42C5D05D400440001 /* APIManagerTests.swift */ = {isa = PBXFileReference; lastKnownFileType = sourcecode.swift; path = APIManagerTests.swift; sourceTree = "<group>"; };
		5C0F300F2C67708300B7630E /* TenantDataProvider.swift */ = {isa = PBXFileReference; lastKnownFileType = sourcecode.swift; path = TenantDataProvider.swift; sourceTree = "<group>"; };
		5C1A63FF2BFB6D92007CAEBF /* UpdateTennantViewModel.swift */ = {isa = PBXFileReference; fileEncoding = 4; lastKnownFileType = sourcecode.swift; path = UpdateTennantViewModel.swift; sourceTree = "<group>"; };
		5C1A64002BFB6D92007CAEBF /* UpdateTennantView.swift */ = {isa = PBXFileReference; fileEncoding = 4; lastKnownFileType = sourcecode.swift; path = UpdateTennantView.swift; sourceTree = "<group>"; };
		5C1F46992C16CAB800F1482B /* TenantPaymentData.swift */ = {isa = PBXFileReference; lastKnownFileType = sourcecode.swift; path = TenantPaymentData.swift; sourceTree = "<group>"; };
		5C1F469B2C17059000F1482B /* NetworkManager.swift */ = {isa = PBXFileReference; lastKnownFileType = sourcecode.swift; path = NetworkManager.swift; sourceTree = "<group>"; };
		5C1F469D2C1B23D000F1482B /* PDFReaderView.swift */ = {isa = PBXFileReference; lastKnownFileType = sourcecode.swift; path = PDFReaderView.swift; sourceTree = "<group>"; };
		5C1F469F2C1C589E00F1482B /* History.swift */ = {isa = PBXFileReference; lastKnownFileType = sourcecode.swift; path = History.swift; sourceTree = "<group>"; };
		5C25D5D22C05C6C300C24658 /* GoogleService-Info.plist */ = {isa = PBXFileReference; fileEncoding = 4; lastKnownFileType = text.plist.xml; name = "GoogleService-Info.plist"; path = "../../../../../Downloads/GoogleService-Info.plist"; sourceTree = "<group>"; };
		5C25D5E42C05E08900C24658 /* FileDataManager.swift */ = {isa = PBXFileReference; lastKnownFileType = sourcecode.swift; path = FileDataManager.swift; sourceTree = "<group>"; };
		5C25D5E82C099CF400C24658 /* Info.plist */ = {isa = PBXFileReference; lastKnownFileType = text.plist; path = Info.plist; sourceTree = "<group>"; };
		5C3E31942C3BDE1100321EB3 /* HistoryView.swift */ = {isa = PBXFileReference; lastKnownFileType = sourcecode.swift; path = HistoryView.swift; sourceTree = "<group>"; };
		5C3E31972C3E672300321EB3 /* SwiftDataRepository.swift */ = {isa = PBXFileReference; lastKnownFileType = sourcecode.swift; path = SwiftDataRepository.swift; sourceTree = "<group>"; };
		5C3E319A2C3E7CAD00321EB3 /* HistoryDataProvider.swift */ = {isa = PBXFileReference; lastKnownFileType = sourcecode.swift; path = HistoryDataProvider.swift; sourceTree = "<group>"; };
		5C3E319C2C400DFF00321EB3 /* ApiDataManager.swift */ = {isa = PBXFileReference; lastKnownFileType = sourcecode.swift; path = ApiDataManager.swift; sourceTree = "<group>"; };
		5C4734202B6261C00040A0AA /* Tennants.app */ = {isa = PBXFileReference; explicitFileType = wrapper.application; includeInIndex = 0; path = Tennants.app; sourceTree = BUILT_PRODUCTS_DIR; };
		5C4734232B6261C00040A0AA /* TennantsApp.swift */ = {isa = PBXFileReference; lastKnownFileType = sourcecode.swift; path = TennantsApp.swift; sourceTree = "<group>"; };
		5C4734252B6261C10040A0AA /* ContentView.swift */ = {isa = PBXFileReference; lastKnownFileType = sourcecode.swift; path = ContentView.swift; sourceTree = "<group>"; };
		5C4734272B6261C40040A0AA /* Assets.xcassets */ = {isa = PBXFileReference; lastKnownFileType = folder.assetcatalog; path = Assets.xcassets; sourceTree = "<group>"; };
		5C47342A2B6261C40040A0AA /* Preview Assets.xcassets */ = {isa = PBXFileReference; lastKnownFileType = folder.assetcatalog; path = "Preview Assets.xcassets"; sourceTree = "<group>"; };
		5C4734302B6261C50040A0AA /* TennantsTests.xctest */ = {isa = PBXFileReference; explicitFileType = wrapper.cfbundle; includeInIndex = 0; path = TennantsTests.xctest; sourceTree = BUILT_PRODUCTS_DIR; };
		5C4734342B6261C50040A0AA /* FileManagerTests.swift */ = {isa = PBXFileReference; lastKnownFileType = sourcecode.swift; path = FileManagerTests.swift; sourceTree = "<group>"; };
		5C47343A2B6261C50040A0AA /* TennantsUITests.xctest */ = {isa = PBXFileReference; explicitFileType = wrapper.cfbundle; includeInIndex = 0; path = TennantsUITests.xctest; sourceTree = BUILT_PRODUCTS_DIR; };
		5C47343E2B6261C50040A0AA /* TennantsUITests.swift */ = {isa = PBXFileReference; lastKnownFileType = sourcecode.swift; path = TennantsUITests.swift; sourceTree = "<group>"; };
		5C4734402B6261C50040A0AA /* TennantsUITestsLaunchTests.swift */ = {isa = PBXFileReference; lastKnownFileType = sourcecode.swift; path = TennantsUITestsLaunchTests.swift; sourceTree = "<group>"; };
		5C620CF02C722BA7001F54E6 /* AddTenantViewModel.swift */ = {isa = PBXFileReference; lastKnownFileType = sourcecode.swift; path = AddTenantViewModel.swift; sourceTree = "<group>"; };
		5C9B30AA2C760C9A001669E9 /* TenantManager.swift */ = {isa = PBXFileReference; lastKnownFileType = sourcecode.swift; path = TenantManager.swift; sourceTree = "<group>"; };
		5CAB08DE2BFCAF5500603758 /* PropertyDetailView.swift */ = {isa = PBXFileReference; lastKnownFileType = sourcecode.swift; path = PropertyDetailView.swift; sourceTree = "<group>"; };
		5CB29C442C49634600BC8220 /* Launch Screen.storyboard */ = {isa = PBXFileReference; lastKnownFileType = file.storyboard; path = "Launch Screen.storyboard"; sourceTree = "<group>"; };
		5CD215FA2BF49FA00035F729 /* AddPropertyView.swift */ = {isa = PBXFileReference; lastKnownFileType = sourcecode.swift; path = AddPropertyView.swift; sourceTree = "<group>"; };
		5CD215FD2BF4CC930035F729 /* EditUnitView.swift */ = {isa = PBXFileReference; lastKnownFileType = sourcecode.swift; path = EditUnitView.swift; sourceTree = "<group>"; };
		5CD215FF2BF4F1840035F729 /* UnitManager.swift */ = {isa = PBXFileReference; lastKnownFileType = sourcecode.swift; path = UnitManager.swift; sourceTree = "<group>"; };
		5CDA50CD2C458DD50040E268 /* PropertiesDataProvider.swift */ = {isa = PBXFileReference; lastKnownFileType = sourcecode.swift; path = PropertiesDataProvider.swift; sourceTree = "<group>"; };
		5CDA50CF2C4592080040E268 /* UnitsDataProvider.swift */ = {isa = PBXFileReference; lastKnownFileType = sourcecode.swift; path = UnitsDataProvider.swift; sourceTree = "<group>"; };
		5CDA50D12C4636920040E268 /* PropertiesViewModel.swift */ = {isa = PBXFileReference; lastKnownFileType = sourcecode.swift; path = PropertiesViewModel.swift; sourceTree = "<group>"; };
		5CF646062C7F5E290031B2B0 /* RealmRepository.swift */ = {isa = PBXFileReference; lastKnownFileType = sourcecode.swift; path = RealmRepository.swift; sourceTree = "<group>"; };
/* End PBXFileReference section */

/* Begin PBXFrameworksBuildPhase section */
		5C47341D2B6261C00040A0AA /* Frameworks */ = {
			isa = PBXFrameworksBuildPhase;
			buildActionMask = 2147483647;
			files = (
				5C25D5DB2C05C82D00C24658 /* FirebaseAppCheck in Frameworks */,
				5C25D5DD2C05C83800C24658 /* FirebaseAuth in Frameworks */,
				5C25D5E72C05E0F900C24658 /* FirebaseStorage in Frameworks */,
				5C25D5D92C05C82300C24658 /* FirebaseAnalyticsSwift in Frameworks */,
				5C25D5E12C05C85800C24658 /* FirebaseRemoteConfigSwift in Frameworks */,
				5C25D5D72C05C81D00C24658 /* FirebaseAnalytics in Frameworks */,
				5C0089D42BF331580061C00B /* MyLibrary in Frameworks */,
				5C25D5DF2C05C84500C24658 /* FirebaseFirestore in Frameworks */,
				5CF6460A2C7F61DC0031B2B0 /* RealmSwift in Frameworks */,
				5C25D5E32C05C86600C24658 /* FirebaseFirestoreSwift in Frameworks */,
			);
			runOnlyForDeploymentPostprocessing = 0;
		};
		5C47342D2B6261C50040A0AA /* Frameworks */ = {
			isa = PBXFrameworksBuildPhase;
			buildActionMask = 2147483647;
			files = (
			);
			runOnlyForDeploymentPostprocessing = 0;
		};
		5C4734372B6261C50040A0AA /* Frameworks */ = {
			isa = PBXFrameworksBuildPhase;
			buildActionMask = 2147483647;
			files = (
			);
			runOnlyForDeploymentPostprocessing = 0;
		};
/* End PBXFrameworksBuildPhase section */

/* Begin PBXGroup section */
		5C0089B02BF32FE00061C00B /* Managers */ = {
			isa = PBXGroup;
			children = (
				5C0089AB2BF32FE00061C00B /* AddFirstPropertyManager.swift */,
				5C0089AD2BF32FE00061C00B /* OnboardingManager.swift */,
				5C0089AF2BF32FE00061C00B /* SessionManager.swift */,
			);
			path = Managers;
			sourceTree = "<group>";
		};
		5C0089B72BF32FE00061C00B /* Views */ = {
			isa = PBXGroup;
			children = (
				5C0089B42BF32FE00061C00B /* OnboardingSubView.swift */,
				5C0089B62BF32FE00061C00B /* OnboardingView.swift */,
			);
			path = Views;
			sourceTree = "<group>";
		};
		5C0089B82BF32FE00061C00B /* Onboarding */ = {
			isa = PBXGroup;
			children = (
				5C0089B02BF32FE00061C00B /* Managers */,
				5C0089B72BF32FE00061C00B /* Views */,
			);
			name = Onboarding;
			path = "../../../../../Library/Mobile Documents/com~apple~CloudDocs/Tennant/Tennants/Tennants/Onboarding";
			sourceTree = "<group>";
		};
		5C0089C92BF330390061C00B /* Tab View */ = {
			isa = PBXGroup;
			children = (
				5C0089C62BF330390061C00B /* TabViewModel.swift */,
				5C0089C82BF330390061C00B /* TennantTabView.swift */,
			);
			name = "Tab View";
			path = "../../../../../Library/Mobile Documents/com~apple~CloudDocs/Tennant/Tennants/Tennants/Views/Tab View";
			sourceTree = "<group>";
		};
		5C0089D22BF331120061C00B /* Properties */ = {
			isa = PBXGroup;
			children = (
				5CDA50D32C463A260040E268 /* Managers */,
				5C0089D72BF344380061C00B /* DataProviders */,
				5C0089D62BF344260061C00B /* ViewModels */,
				5C0089D52BF344170061C00B /* Views */,
			);
			path = Properties;
			sourceTree = "<group>";
		};
		5C0089D52BF344170061C00B /* Views */ = {
			isa = PBXGroup;
			children = (
				5C0089CF2BF330FC0061C00B /* PropertiesView.swift */,
				5CD215FC2BF4CC490035F729 /* AddPropertyFlow */,
			);
			path = Views;
			sourceTree = "<group>";
		};
		5C0089D62BF344260061C00B /* ViewModels */ = {
			isa = PBXGroup;
			children = (
				5CDA50D12C4636920040E268 /* PropertiesViewModel.swift */,
				5C0B9B642C60F28D00362893 /* PropertyDetailViewModel.swift */,
				5C620CF02C722BA7001F54E6 /* AddTenantViewModel.swift */,
			);
			path = ViewModels;
			sourceTree = "<group>";
		};
		5C0089D72BF344380061C00B /* DataProviders */ = {
			isa = PBXGroup;
			children = (
				5CDA50CD2C458DD50040E268 /* PropertiesDataProvider.swift */,
				5CDA50CF2C4592080040E268 /* UnitsDataProvider.swift */,
			);
			path = DataProviders;
			sourceTree = "<group>";
		};
		5C0089E22BF34A4D0061C00B /* Models */ = {
			isa = PBXGroup;
			children = (
				5C0089DE2BF34A4D0061C00B /* NewDataModel.swift */,
				5C0089DF2BF34A4D0061C00B /* Property.swift */,
				5C0089E02BF34A4D0061C00B /* SingleUnit.swift */,
				5C0089E12BF34A4D0061C00B /* Tennant.swift */,
				5C1F46992C16CAB800F1482B /* TenantPaymentData.swift */,
				5C1F469F2C1C589E00F1482B /* History.swift */,
			);
			path = Models;
			sourceTree = "<group>";
		};
		5C05CB102BFF550900BF7297 /* PDFReader */ = {
			isa = PBXGroup;
			children = (
				5C3E31962C3E66BC00321EB3 /* Views */,
				5C3E319E2C400FCC00321EB3 /* Document Managers */,
				5C3E319F2C40107700321EB3 /* API Managers */,
			);
			path = PDFReader;
			sourceTree = "<group>";
		};
		5C0B9B662C611E0100362893 /* TenantDetails */ = {
			isa = PBXGroup;
			children = (
				5C0B9B672C611E2500362893 /* AddTenantView.swift */,
			);
			path = TenantDetails;
			sourceTree = "<group>";
		};
		5C0F300D2C67703C00B7630E /* Views */ = {
			isa = PBXGroup;
			children = (
				5C1A64002BFB6D92007CAEBF /* UpdateTennantView.swift */,
				5CAB08DE2BFCAF5500603758 /* PropertyDetailView.swift */,
			);
			path = Views;
			sourceTree = "<group>";
		};
		5C0F300E2C67706900B7630E /* DataProviders */ = {
			isa = PBXGroup;
			children = (
				5C0F300F2C67708300B7630E /* TenantDataProvider.swift */,
			);
			path = DataProviders;
			sourceTree = "<group>";
		};
		5C1A63FE2BFB6CE4007CAEBF /* Update Tenant */ = {
			isa = PBXGroup;
			children = (
				5C0F300E2C67706900B7630E /* DataProviders */,
				5C0F300D2C67703C00B7630E /* Views */,
				5C1A63FF2BFB6D92007CAEBF /* UpdateTennantViewModel.swift */,
			);
			path = "Update Tenant";
			sourceTree = "<group>";
		};
		5C1F46962C12EA9C00F1482B /* Networking */ = {
			isa = PBXGroup;
			children = (
				5C1F469B2C17059000F1482B /* NetworkManager.swift */,
			);
			path = Networking;
			sourceTree = "<group>";
		};
		5C25D5D52C05C81D00C24658 /* Frameworks */ = {
			isa = PBXGroup;
			children = (
			);
			name = Frameworks;
			sourceTree = "<group>";
		};
		5C3E31962C3E66BC00321EB3 /* Views */ = {
			isa = PBXGroup;
			children = (
				5C1F469D2C1B23D000F1482B /* PDFReaderView.swift */,
				5C3E31942C3BDE1100321EB3 /* HistoryView.swift */,
			);
			path = Views;
			sourceTree = "<group>";
		};
		5C3E31992C3E7C6600321EB3 /* Persistance */ = {
			isa = PBXGroup;
			children = (
				5C3E31972C3E672300321EB3 /* SwiftDataRepository.swift */,
				5CF646062C7F5E290031B2B0 /* RealmRepository.swift */,
			);
			path = Persistance;
			sourceTree = "<group>";
		};
		5C3E319E2C400FCC00321EB3 /* Document Managers */ = {
			isa = PBXGroup;
			children = (
				5C05CB112BFF552B00BF7297 /* DocumentPicker.swift */,
				5C25D5E42C05E08900C24658 /* FileDataManager.swift */,
			);
			name = "Document Managers";
			sourceTree = "<group>";
		};
		5C3E319F2C40107700321EB3 /* API Managers */ = {
			isa = PBXGroup;
			children = (
				5C3E319A2C3E7CAD00321EB3 /* HistoryDataProvider.swift */,
				5C3E319C2C400DFF00321EB3 /* ApiDataManager.swift */,
			);
			path = "API Managers";
			sourceTree = "<group>";
		};
		5C4734172B6261C00040A0AA = {
			isa = PBXGroup;
			children = (
				5C4734222B6261C00040A0AA /* Tennants */,
				5C4734332B6261C50040A0AA /* TennantsTests */,
				5C47343D2B6261C50040A0AA /* TennantsUITests */,
				5C4734212B6261C00040A0AA /* Products */,
				5C25D5D52C05C81D00C24658 /* Frameworks */,
			);
			sourceTree = "<group>";
		};
		5C4734212B6261C00040A0AA /* Products */ = {
			isa = PBXGroup;
			children = (
				5C4734202B6261C00040A0AA /* Tennants.app */,
				5C4734302B6261C50040A0AA /* TennantsTests.xctest */,
				5C47343A2B6261C50040A0AA /* TennantsUITests.xctest */,
			);
			name = Products;
			sourceTree = "<group>";
		};
		5C4734222B6261C00040A0AA /* Tennants */ = {
			isa = PBXGroup;
			children = (
				5C0B9B662C611E0100362893 /* TenantDetails */,
				5C3E31992C3E7C6600321EB3 /* Persistance */,
				5C1F46962C12EA9C00F1482B /* Networking */,
				5C25D5E82C099CF400C24658 /* Info.plist */,
				5C05CB102BFF550900BF7297 /* PDFReader */,
				5C1A63FE2BFB6CE4007CAEBF /* Update Tenant */,
				5C0089E22BF34A4D0061C00B /* Models */,
				5C0089D22BF331120061C00B /* Properties */,
				5C0089C92BF330390061C00B /* Tab View */,
				5C0089B82BF32FE00061C00B /* Onboarding */,
				5C4734232B6261C00040A0AA /* TennantsApp.swift */,
				5C25D5D22C05C6C300C24658 /* GoogleService-Info.plist */,
				5C4734252B6261C10040A0AA /* ContentView.swift */,
				5C0089A82BF32FBE0061C00B /* MainAppView.swift */,
				5C4734272B6261C40040A0AA /* Assets.xcassets */,
				5C4734292B6261C40040A0AA /* Preview Content */,
				5CB29C442C49634600BC8220 /* Launch Screen.storyboard */,
			);
			path = Tennants;
			sourceTree = "<group>";
		};
		5C4734292B6261C40040A0AA /* Preview Content */ = {
			isa = PBXGroup;
			children = (
				5C47342A2B6261C40040A0AA /* Preview Assets.xcassets */,
			);
			path = "Preview Content";
			sourceTree = "<group>";
		};
		5C4734332B6261C50040A0AA /* TennantsTests */ = {
			isa = PBXGroup;
			children = (
				5C4734342B6261C50040A0AA /* FileManagerTests.swift */,
				5C0D5DB42C5D05D400440001 /* APIManagerTests.swift */,
			);
			path = TennantsTests;
			sourceTree = "<group>";
		};
		5C47343D2B6261C50040A0AA /* TennantsUITests */ = {
			isa = PBXGroup;
			children = (
				5C47343E2B6261C50040A0AA /* TennantsUITests.swift */,
				5C4734402B6261C50040A0AA /* TennantsUITestsLaunchTests.swift */,
			);
			path = TennantsUITests;
			sourceTree = "<group>";
		};
		5CD215FC2BF4CC490035F729 /* AddPropertyFlow */ = {
			isa = PBXGroup;
			children = (
				5CD215FA2BF49FA00035F729 /* AddPropertyView.swift */,
				5CD215FD2BF4CC930035F729 /* EditUnitView.swift */,
			);
			path = AddPropertyFlow;
			sourceTree = "<group>";
		};
		5CDA50D32C463A260040E268 /* Managers */ = {
			isa = PBXGroup;
			children = (
				5C0089DC2BF345330061C00B /* PropertiesManager.swift */,
				5CD215FF2BF4F1840035F729 /* UnitManager.swift */,
				5C9B30AA2C760C9A001669E9 /* TenantManager.swift */,
			);
			path = Managers;
			sourceTree = "<group>";
		};
/* End PBXGroup section */

/* Begin PBXNativeTarget section */
		5C47341F2B6261C00040A0AA /* Tennants */ = {
			isa = PBXNativeTarget;
			buildConfigurationList = 5C4734442B6261C50040A0AA /* Build configuration list for PBXNativeTarget "Tennants" */;
			buildPhases = (
				5C47341C2B6261C00040A0AA /* Sources */,
				5C47341D2B6261C00040A0AA /* Frameworks */,
				5C47341E2B6261C00040A0AA /* Resources */,
				5CED45502C0E01AE00CEB28D /* Embed Frameworks */,
			);
			buildRules = (
			);
			dependencies = (
			);
			name = Tennants;
			packageProductDependencies = (
				5C0089D32BF331580061C00B /* MyLibrary */,
				5C25D5D62C05C81D00C24658 /* FirebaseAnalytics */,
				5C25D5D82C05C82300C24658 /* FirebaseAnalyticsSwift */,
				5C25D5DA2C05C82D00C24658 /* FirebaseAppCheck */,
				5C25D5DC2C05C83800C24658 /* FirebaseAuth */,
				5C25D5DE2C05C84500C24658 /* FirebaseFirestore */,
				5C25D5E02C05C85700C24658 /* FirebaseRemoteConfigSwift */,
				5C25D5E22C05C86600C24658 /* FirebaseFirestoreSwift */,
				5C25D5E62C05E0F900C24658 /* FirebaseStorage */,
				5CF646092C7F61DC0031B2B0 /* RealmSwift */,
			);
			productName = Tennants;
			productReference = 5C4734202B6261C00040A0AA /* Tennants.app */;
			productType = "com.apple.product-type.application";
		};
		5C47342F2B6261C50040A0AA /* TennantsTests */ = {
			isa = PBXNativeTarget;
			buildConfigurationList = 5C4734472B6261C50040A0AA /* Build configuration list for PBXNativeTarget "TennantsTests" */;
			buildPhases = (
				5C47342C2B6261C50040A0AA /* Sources */,
				5C47342D2B6261C50040A0AA /* Frameworks */,
				5C47342E2B6261C50040A0AA /* Resources */,
			);
			buildRules = (
			);
			dependencies = (
				5C4734322B6261C50040A0AA /* PBXTargetDependency */,
			);
			name = TennantsTests;
			productName = TennantsTests;
			productReference = 5C4734302B6261C50040A0AA /* TennantsTests.xctest */;
			productType = "com.apple.product-type.bundle.unit-test";
		};
		5C4734392B6261C50040A0AA /* TennantsUITests */ = {
			isa = PBXNativeTarget;
			buildConfigurationList = 5C47344A2B6261C50040A0AA /* Build configuration list for PBXNativeTarget "TennantsUITests" */;
			buildPhases = (
				5C4734362B6261C50040A0AA /* Sources */,
				5C4734372B6261C50040A0AA /* Frameworks */,
				5C4734382B6261C50040A0AA /* Resources */,
			);
			buildRules = (
			);
			dependencies = (
				5C47343C2B6261C50040A0AA /* PBXTargetDependency */,
			);
			name = TennantsUITests;
			productName = TennantsUITests;
			productReference = 5C47343A2B6261C50040A0AA /* TennantsUITests.xctest */;
			productType = "com.apple.product-type.bundle.ui-testing";
		};
/* End PBXNativeTarget section */

/* Begin PBXProject section */
		5C4734182B6261C00040A0AA /* Project object */ = {
			isa = PBXProject;
			attributes = {
				BuildIndependentTargetsInParallel = 1;
				LastSwiftUpdateCheck = 1510;
				LastUpgradeCheck = 1510;
				TargetAttributes = {
					5C47341F2B6261C00040A0AA = {
						CreatedOnToolsVersion = 15.1;
					};
					5C47342F2B6261C50040A0AA = {
						CreatedOnToolsVersion = 15.1;
						TestTargetID = 5C47341F2B6261C00040A0AA;
					};
					5C4734392B6261C50040A0AA = {
						CreatedOnToolsVersion = 15.1;
						TestTargetID = 5C47341F2B6261C00040A0AA;
					};
				};
			};
			buildConfigurationList = 5C47341B2B6261C00040A0AA /* Build configuration list for PBXProject "Tennants" */;
			compatibilityVersion = "Xcode 14.0";
			developmentRegion = en;
			hasScannedForEncodings = 0;
			knownRegions = (
				en,
				Base,
			);
			mainGroup = 5C4734172B6261C00040A0AA;
			packageReferences = (
				5C0089CE2BF330CF0061C00B /* XCRemoteSwiftPackageReference "MyLibrary" */,
				5C25D5D42C05C7DE00C24658 /* XCRemoteSwiftPackageReference "firebase-ios-sdk" */,
				5CED454A2C0E019500CEB28D /* XCRemoteSwiftPackageReference "Alamofire" */,
				5CF646082C7F61DC0031B2B0 /* XCRemoteSwiftPackageReference "realm-swift" */,
			);
			productRefGroup = 5C4734212B6261C00040A0AA /* Products */;
			projectDirPath = "";
			projectRoot = "";
			targets = (
				5C47341F2B6261C00040A0AA /* Tennants */,
				5C47342F2B6261C50040A0AA /* TennantsTests */,
				5C4734392B6261C50040A0AA /* TennantsUITests */,
			);
		};
/* End PBXProject section */

/* Begin PBXResourcesBuildPhase section */
		5C47341E2B6261C00040A0AA /* Resources */ = {
			isa = PBXResourcesBuildPhase;
			buildActionMask = 2147483647;
			files = (
				5C47342B2B6261C40040A0AA /* Preview Assets.xcassets in Resources */,
				5C4734282B6261C40040A0AA /* Assets.xcassets in Resources */,
				5CB29C452C49634600BC8220 /* Launch Screen.storyboard in Resources */,
				5C25D5D32C05C6C300C24658 /* GoogleService-Info.plist in Resources */,
			);
			runOnlyForDeploymentPostprocessing = 0;
		};
		5C47342E2B6261C50040A0AA /* Resources */ = {
			isa = PBXResourcesBuildPhase;
			buildActionMask = 2147483647;
			files = (
			);
			runOnlyForDeploymentPostprocessing = 0;
		};
		5C4734382B6261C50040A0AA /* Resources */ = {
			isa = PBXResourcesBuildPhase;
			buildActionMask = 2147483647;
			files = (
			);
			runOnlyForDeploymentPostprocessing = 0;
		};
/* End PBXResourcesBuildPhase section */

/* Begin PBXSourcesBuildPhase section */
		5C47341C2B6261C00040A0AA /* Sources */ = {
			isa = PBXSourcesBuildPhase;
			buildActionMask = 2147483647;
			files = (
				5C0089E42BF34A4D0061C00B /* Property.swift in Sources */,
				5CDA50CE2C458DD50040E268 /* PropertiesDataProvider.swift in Sources */,
				5CF646072C7F5E290031B2B0 /* RealmRepository.swift in Sources */,
				5C0089E32BF34A4D0061C00B /* NewDataModel.swift in Sources */,
				5C1F46A02C1C589E00F1482B /* History.swift in Sources */,
				5C0089BE2BF32FE00061C00B /* SessionManager.swift in Sources */,
				5C1A64022BFB6D92007CAEBF /* UpdateTennantView.swift in Sources */,
				5C0089BC2BF32FE00061C00B /* OnboardingManager.swift in Sources */,
				5C1F469A2C16CAB800F1482B /* TenantPaymentData.swift in Sources */,
				5CD215FB2BF49FA00035F729 /* AddPropertyView.swift in Sources */,
				5C05CB122BFF552B00BF7297 /* DocumentPicker.swift in Sources */,
				5C4734262B6261C10040A0AA /* ContentView.swift in Sources */,
				5C3E319D2C400DFF00321EB3 /* ApiDataManager.swift in Sources */,
				5C620CF12C722BA7001F54E6 /* AddTenantViewModel.swift in Sources */,
				5C0B9B652C60F28D00362893 /* PropertyDetailViewModel.swift in Sources */,
				5CDA50D22C4636920040E268 /* PropertiesViewModel.swift in Sources */,
				5CDA50D02C4592080040E268 /* UnitsDataProvider.swift in Sources */,
				5C0089CD2BF330390061C00B /* TennantTabView.swift in Sources */,
				5C0F30102C67708300B7630E /* TenantDataProvider.swift in Sources */,
				5C1F469C2C17059000F1482B /* NetworkManager.swift in Sources */,
				5C0089A92BF32FBF0061C00B /* MainAppView.swift in Sources */,
				5C0089D02BF330FC0061C00B /* PropertiesView.swift in Sources */,
				5C0089DD2BF345330061C00B /* PropertiesManager.swift in Sources */,
				5C3E31952C3BDE1100321EB3 /* HistoryView.swift in Sources */,
				5CD215FE2BF4CC930035F729 /* EditUnitView.swift in Sources */,
				5C3E319B2C3E7CAD00321EB3 /* HistoryDataProvider.swift in Sources */,
				5C0B9B682C611E2500362893 /* AddTenantView.swift in Sources */,
				5CAB08DF2BFCAF5500603758 /* PropertyDetailView.swift in Sources */,
				5C9B30AB2C760C9A001669E9 /* TenantManager.swift in Sources */,
				5C3E31982C3E672300321EB3 /* SwiftDataRepository.swift in Sources */,
				5C0089C42BF32FE00061C00B /* OnboardingView.swift in Sources */,
				5CD216002BF4F1840035F729 /* UnitManager.swift in Sources */,
				5C1A64012BFB6D92007CAEBF /* UpdateTennantViewModel.swift in Sources */,
				5C25D5E52C05E08900C24658 /* FileDataManager.swift in Sources */,
				5C0089E62BF34A4D0061C00B /* Tennant.swift in Sources */,
				5C0089BA2BF32FE00061C00B /* AddFirstPropertyManager.swift in Sources */,
				5C4734242B6261C00040A0AA /* TennantsApp.swift in Sources */,
				5C1F469E2C1B23D000F1482B /* PDFReaderView.swift in Sources */,
				5C0089E52BF34A4D0061C00B /* SingleUnit.swift in Sources */,
				5C0089C22BF32FE00061C00B /* OnboardingSubView.swift in Sources */,
				5C0089CB2BF330390061C00B /* TabViewModel.swift in Sources */,
			);
			runOnlyForDeploymentPostprocessing = 0;
		};
		5C47342C2B6261C50040A0AA /* Sources */ = {
			isa = PBXSourcesBuildPhase;
			buildActionMask = 2147483647;
			files = (
				5C0D5DB52C5D05D400440001 /* APIManagerTests.swift in Sources */,
				5C4734352B6261C50040A0AA /* FileManagerTests.swift in Sources */,
			);
			runOnlyForDeploymentPostprocessing = 0;
		};
		5C4734362B6261C50040A0AA /* Sources */ = {
			isa = PBXSourcesBuildPhase;
			buildActionMask = 2147483647;
			files = (
				5C4734412B6261C50040A0AA /* TennantsUITestsLaunchTests.swift in Sources */,
				5C47343F2B6261C50040A0AA /* TennantsUITests.swift in Sources */,
			);
			runOnlyForDeploymentPostprocessing = 0;
		};
/* End PBXSourcesBuildPhase section */

/* Begin PBXTargetDependency section */
		5C4734322B6261C50040A0AA /* PBXTargetDependency */ = {
			isa = PBXTargetDependency;
			target = 5C47341F2B6261C00040A0AA /* Tennants */;
			targetProxy = 5C4734312B6261C50040A0AA /* PBXContainerItemProxy */;
		};
		5C47343C2B6261C50040A0AA /* PBXTargetDependency */ = {
			isa = PBXTargetDependency;
			target = 5C47341F2B6261C00040A0AA /* Tennants */;
			targetProxy = 5C47343B2B6261C50040A0AA /* PBXContainerItemProxy */;
		};
/* End PBXTargetDependency section */

/* Begin XCBuildConfiguration section */
		5C4734422B6261C50040A0AA /* Debug */ = {
			isa = XCBuildConfiguration;
			buildSettings = {
				ALWAYS_SEARCH_USER_PATHS = NO;
				ASSETCATALOG_COMPILER_GENERATE_SWIFT_ASSET_SYMBOL_EXTENSIONS = YES;
				CLANG_ANALYZER_NONNULL = YES;
				CLANG_ANALYZER_NUMBER_OBJECT_CONVERSION = YES_AGGRESSIVE;
				CLANG_CXX_LANGUAGE_STANDARD = "gnu++20";
				CLANG_ENABLE_MODULES = YES;
				CLANG_ENABLE_OBJC_ARC = YES;
				CLANG_ENABLE_OBJC_WEAK = YES;
				CLANG_WARN_BLOCK_CAPTURE_AUTORELEASING = YES;
				CLANG_WARN_BOOL_CONVERSION = YES;
				CLANG_WARN_COMMA = YES;
				CLANG_WARN_CONSTANT_CONVERSION = YES;
				CLANG_WARN_DEPRECATED_OBJC_IMPLEMENTATIONS = YES;
				CLANG_WARN_DIRECT_OBJC_ISA_USAGE = YES_ERROR;
				CLANG_WARN_DOCUMENTATION_COMMENTS = YES;
				CLANG_WARN_EMPTY_BODY = YES;
				CLANG_WARN_ENUM_CONVERSION = YES;
				CLANG_WARN_INFINITE_RECURSION = YES;
				CLANG_WARN_INT_CONVERSION = YES;
				CLANG_WARN_NON_LITERAL_NULL_CONVERSION = YES;
				CLANG_WARN_OBJC_IMPLICIT_RETAIN_SELF = YES;
				CLANG_WARN_OBJC_LITERAL_CONVERSION = YES;
				CLANG_WARN_OBJC_ROOT_CLASS = YES_ERROR;
				CLANG_WARN_QUOTED_INCLUDE_IN_FRAMEWORK_HEADER = YES;
				CLANG_WARN_RANGE_LOOP_ANALYSIS = YES;
				CLANG_WARN_STRICT_PROTOTYPES = YES;
				CLANG_WARN_SUSPICIOUS_MOVE = YES;
				CLANG_WARN_UNGUARDED_AVAILABILITY = YES_AGGRESSIVE;
				CLANG_WARN_UNREACHABLE_CODE = YES;
				CLANG_WARN__DUPLICATE_METHOD_MATCH = YES;
				COPY_PHASE_STRIP = NO;
				DEBUG_INFORMATION_FORMAT = dwarf;
				ENABLE_STRICT_OBJC_MSGSEND = YES;
				ENABLE_TESTABILITY = YES;
				ENABLE_USER_SCRIPT_SANDBOXING = YES;
				GCC_C_LANGUAGE_STANDARD = gnu17;
				GCC_DYNAMIC_NO_PIC = NO;
				GCC_NO_COMMON_BLOCKS = YES;
				GCC_OPTIMIZATION_LEVEL = 0;
				GCC_PREPROCESSOR_DEFINITIONS = (
					"DEBUG=1",
					"$(inherited)",
				);
				GCC_WARN_64_TO_32_BIT_CONVERSION = YES;
				GCC_WARN_ABOUT_RETURN_TYPE = YES_ERROR;
				GCC_WARN_UNDECLARED_SELECTOR = YES;
				GCC_WARN_UNINITIALIZED_AUTOS = YES_AGGRESSIVE;
				GCC_WARN_UNUSED_FUNCTION = YES;
				GCC_WARN_UNUSED_VARIABLE = YES;
				IPHONEOS_DEPLOYMENT_TARGET = 17.2;
				LOCALIZATION_PREFERS_STRING_CATALOGS = YES;
				MTL_ENABLE_DEBUG_INFO = INCLUDE_SOURCE;
				MTL_FAST_MATH = YES;
				ONLY_ACTIVE_ARCH = YES;
				SDKROOT = iphoneos;
				SWIFT_ACTIVE_COMPILATION_CONDITIONS = "DEBUG $(inherited)";
				SWIFT_OPTIMIZATION_LEVEL = "-Onone";
			};
			name = Debug;
		};
		5C4734432B6261C50040A0AA /* Release */ = {
			isa = XCBuildConfiguration;
			buildSettings = {
				ALWAYS_SEARCH_USER_PATHS = NO;
				ASSETCATALOG_COMPILER_GENERATE_SWIFT_ASSET_SYMBOL_EXTENSIONS = YES;
				CLANG_ANALYZER_NONNULL = YES;
				CLANG_ANALYZER_NUMBER_OBJECT_CONVERSION = YES_AGGRESSIVE;
				CLANG_CXX_LANGUAGE_STANDARD = "gnu++20";
				CLANG_ENABLE_MODULES = YES;
				CLANG_ENABLE_OBJC_ARC = YES;
				CLANG_ENABLE_OBJC_WEAK = YES;
				CLANG_WARN_BLOCK_CAPTURE_AUTORELEASING = YES;
				CLANG_WARN_BOOL_CONVERSION = YES;
				CLANG_WARN_COMMA = YES;
				CLANG_WARN_CONSTANT_CONVERSION = YES;
				CLANG_WARN_DEPRECATED_OBJC_IMPLEMENTATIONS = YES;
				CLANG_WARN_DIRECT_OBJC_ISA_USAGE = YES_ERROR;
				CLANG_WARN_DOCUMENTATION_COMMENTS = YES;
				CLANG_WARN_EMPTY_BODY = YES;
				CLANG_WARN_ENUM_CONVERSION = YES;
				CLANG_WARN_INFINITE_RECURSION = YES;
				CLANG_WARN_INT_CONVERSION = YES;
				CLANG_WARN_NON_LITERAL_NULL_CONVERSION = YES;
				CLANG_WARN_OBJC_IMPLICIT_RETAIN_SELF = YES;
				CLANG_WARN_OBJC_LITERAL_CONVERSION = YES;
				CLANG_WARN_OBJC_ROOT_CLASS = YES_ERROR;
				CLANG_WARN_QUOTED_INCLUDE_IN_FRAMEWORK_HEADER = YES;
				CLANG_WARN_RANGE_LOOP_ANALYSIS = YES;
				CLANG_WARN_STRICT_PROTOTYPES = YES;
				CLANG_WARN_SUSPICIOUS_MOVE = YES;
				CLANG_WARN_UNGUARDED_AVAILABILITY = YES_AGGRESSIVE;
				CLANG_WARN_UNREACHABLE_CODE = YES;
				CLANG_WARN__DUPLICATE_METHOD_MATCH = YES;
				COPY_PHASE_STRIP = NO;
				DEBUG_INFORMATION_FORMAT = "dwarf-with-dsym";
				ENABLE_NS_ASSERTIONS = NO;
				ENABLE_STRICT_OBJC_MSGSEND = YES;
				ENABLE_USER_SCRIPT_SANDBOXING = YES;
				GCC_C_LANGUAGE_STANDARD = gnu17;
				GCC_NO_COMMON_BLOCKS = YES;
				GCC_WARN_64_TO_32_BIT_CONVERSION = YES;
				GCC_WARN_ABOUT_RETURN_TYPE = YES_ERROR;
				GCC_WARN_UNDECLARED_SELECTOR = YES;
				GCC_WARN_UNINITIALIZED_AUTOS = YES_AGGRESSIVE;
				GCC_WARN_UNUSED_FUNCTION = YES;
				GCC_WARN_UNUSED_VARIABLE = YES;
				IPHONEOS_DEPLOYMENT_TARGET = 17.2;
				LOCALIZATION_PREFERS_STRING_CATALOGS = YES;
				MTL_ENABLE_DEBUG_INFO = NO;
				MTL_FAST_MATH = YES;
				SDKROOT = iphoneos;
				SWIFT_COMPILATION_MODE = wholemodule;
				VALIDATE_PRODUCT = YES;
			};
			name = Release;
		};
		5C4734452B6261C50040A0AA /* Debug */ = {
			isa = XCBuildConfiguration;
			buildSettings = {
				ASSETCATALOG_COMPILER_APPICON_NAME = AppIcon;
				ASSETCATALOG_COMPILER_GLOBAL_ACCENT_COLOR_NAME = AccentColor;
				CODE_SIGN_STYLE = Automatic;
				CURRENT_PROJECT_VERSION = 1;
				DEVELOPMENT_ASSET_PATHS = "\"Tennants/Preview Content\"";
				DEVELOPMENT_TEAM = 9673UJWKD5;
				ENABLE_PREVIEWS = YES;
				GENERATE_INFOPLIST_FILE = YES;
				INFOPLIST_FILE = Tennants/Info.plist;
				INFOPLIST_KEY_LSSupportsOpeningDocumentsInPlace = YES;
				INFOPLIST_KEY_NSDocumentsFolderUsageDescription = "App wants to access your documents folder";
				INFOPLIST_KEY_NSDownloadsFolderUsageDescription = "App wants to access your downloads folder";
				INFOPLIST_KEY_UIApplicationSceneManifest_Generation = YES;
				INFOPLIST_KEY_UIApplicationSupportsIndirectInputEvents = YES;
				INFOPLIST_KEY_UILaunchScreen_Generation = YES;
				INFOPLIST_KEY_UILaunchStoryboardName = "Launch Screen.storyboard";
				INFOPLIST_KEY_UISupportedInterfaceOrientations_iPad = "UIInterfaceOrientationPortrait UIInterfaceOrientationPortraitUpsideDown UIInterfaceOrientationLandscapeLeft UIInterfaceOrientationLandscapeRight";
				INFOPLIST_KEY_UISupportedInterfaceOrientations_iPhone = "UIInterfaceOrientationPortrait UIInterfaceOrientationLandscapeLeft UIInterfaceOrientationLandscapeRight";
				LD_RUNPATH_SEARCH_PATHS = (
					"$(inherited)",
					"@executable_path/Frameworks",
				);
				MARKETING_VERSION = 1.0;
				PRODUCT_BUNDLE_IDENTIFIER = com.sibu.Tennants;
				PRODUCT_NAME = "$(TARGET_NAME)";
				SWIFT_EMIT_LOC_STRINGS = YES;
				SWIFT_VERSION = 5.0;
				TARGETED_DEVICE_FAMILY = "1,2";
			};
			name = Debug;
		};
		5C4734462B6261C50040A0AA /* Release */ = {
			isa = XCBuildConfiguration;
			buildSettings = {
				ASSETCATALOG_COMPILER_APPICON_NAME = AppIcon;
				ASSETCATALOG_COMPILER_GLOBAL_ACCENT_COLOR_NAME = AccentColor;
				CODE_SIGN_STYLE = Automatic;
				CURRENT_PROJECT_VERSION = 1;
				DEVELOPMENT_ASSET_PATHS = "\"Tennants/Preview Content\"";
				DEVELOPMENT_TEAM = 9673UJWKD5;
				ENABLE_PREVIEWS = YES;
				GENERATE_INFOPLIST_FILE = YES;
				INFOPLIST_FILE = Tennants/Info.plist;
				INFOPLIST_KEY_LSSupportsOpeningDocumentsInPlace = YES;
				INFOPLIST_KEY_NSDocumentsFolderUsageDescription = "App wants to access your documents folder";
				INFOPLIST_KEY_NSDownloadsFolderUsageDescription = "App wants to access your downloads folder";
				INFOPLIST_KEY_UIApplicationSceneManifest_Generation = YES;
				INFOPLIST_KEY_UIApplicationSupportsIndirectInputEvents = YES;
				INFOPLIST_KEY_UILaunchScreen_Generation = YES;
				INFOPLIST_KEY_UILaunchStoryboardName = "Launch Screen.storyboard";
				INFOPLIST_KEY_UISupportedInterfaceOrientations_iPad = "UIInterfaceOrientationPortrait UIInterfaceOrientationPortraitUpsideDown UIInterfaceOrientationLandscapeLeft UIInterfaceOrientationLandscapeRight";
				INFOPLIST_KEY_UISupportedInterfaceOrientations_iPhone = "UIInterfaceOrientationPortrait UIInterfaceOrientationLandscapeLeft UIInterfaceOrientationLandscapeRight";
				LD_RUNPATH_SEARCH_PATHS = (
					"$(inherited)",
					"@executable_path/Frameworks",
				);
				MARKETING_VERSION = 1.0;
				PRODUCT_BUNDLE_IDENTIFIER = com.sibu.Tennants;
				PRODUCT_NAME = "$(TARGET_NAME)";
				SWIFT_EMIT_LOC_STRINGS = YES;
				SWIFT_VERSION = 5.0;
				TARGETED_DEVICE_FAMILY = "1,2";
			};
			name = Release;
		};
		5C4734482B6261C50040A0AA /* Debug */ = {
			isa = XCBuildConfiguration;
			buildSettings = {
				ALWAYS_EMBED_SWIFT_STANDARD_LIBRARIES = YES;
				BUNDLE_LOADER = "$(TEST_HOST)";
				CODE_SIGN_STYLE = Automatic;
				CURRENT_PROJECT_VERSION = 1;
				DEVELOPMENT_TEAM = 9673UJWKD5;
				GENERATE_INFOPLIST_FILE = YES;
				IPHONEOS_DEPLOYMENT_TARGET = 17.2;
				MARKETING_VERSION = 1.0;
				PRODUCT_BUNDLE_IDENTIFIER = com.sibu.TennantsTests;
				PRODUCT_NAME = "$(TARGET_NAME)";
				SWIFT_EMIT_LOC_STRINGS = NO;
				SWIFT_VERSION = 5.0;
				TARGETED_DEVICE_FAMILY = "1,2";
				TEST_HOST = "$(BUILT_PRODUCTS_DIR)/Tennants.app/$(BUNDLE_EXECUTABLE_FOLDER_PATH)/Tennants";
			};
			name = Debug;
		};
		5C4734492B6261C50040A0AA /* Release */ = {
			isa = XCBuildConfiguration;
			buildSettings = {
				ALWAYS_EMBED_SWIFT_STANDARD_LIBRARIES = YES;
				BUNDLE_LOADER = "$(TEST_HOST)";
				CODE_SIGN_STYLE = Automatic;
				CURRENT_PROJECT_VERSION = 1;
				DEVELOPMENT_TEAM = 9673UJWKD5;
				GENERATE_INFOPLIST_FILE = YES;
				IPHONEOS_DEPLOYMENT_TARGET = 17.2;
				MARKETING_VERSION = 1.0;
				PRODUCT_BUNDLE_IDENTIFIER = com.sibu.TennantsTests;
				PRODUCT_NAME = "$(TARGET_NAME)";
				SWIFT_EMIT_LOC_STRINGS = NO;
				SWIFT_VERSION = 5.0;
				TARGETED_DEVICE_FAMILY = "1,2";
				TEST_HOST = "$(BUILT_PRODUCTS_DIR)/Tennants.app/$(BUNDLE_EXECUTABLE_FOLDER_PATH)/Tennants";
			};
			name = Release;
		};
		5C47344B2B6261C50040A0AA /* Debug */ = {
			isa = XCBuildConfiguration;
			buildSettings = {
				ALWAYS_EMBED_SWIFT_STANDARD_LIBRARIES = YES;
				CODE_SIGN_STYLE = Automatic;
				CURRENT_PROJECT_VERSION = 1;
				DEVELOPMENT_TEAM = 9673UJWKD5;
				GENERATE_INFOPLIST_FILE = YES;
				MARKETING_VERSION = 1.0;
				PRODUCT_BUNDLE_IDENTIFIER = com.sibu.TennantsUITests;
				PRODUCT_NAME = "$(TARGET_NAME)";
				SWIFT_EMIT_LOC_STRINGS = NO;
				SWIFT_VERSION = 5.0;
				TARGETED_DEVICE_FAMILY = "1,2";
				TEST_TARGET_NAME = Tennants;
			};
			name = Debug;
		};
		5C47344C2B6261C50040A0AA /* Release */ = {
			isa = XCBuildConfiguration;
			buildSettings = {
				ALWAYS_EMBED_SWIFT_STANDARD_LIBRARIES = YES;
				CODE_SIGN_STYLE = Automatic;
				CURRENT_PROJECT_VERSION = 1;
				DEVELOPMENT_TEAM = 9673UJWKD5;
				GENERATE_INFOPLIST_FILE = YES;
				MARKETING_VERSION = 1.0;
				PRODUCT_BUNDLE_IDENTIFIER = com.sibu.TennantsUITests;
				PRODUCT_NAME = "$(TARGET_NAME)";
				SWIFT_EMIT_LOC_STRINGS = NO;
				SWIFT_VERSION = 5.0;
				TARGETED_DEVICE_FAMILY = "1,2";
				TEST_TARGET_NAME = Tennants;
			};
			name = Release;
		};
/* End XCBuildConfiguration section */

/* Begin XCConfigurationList section */
		5C47341B2B6261C00040A0AA /* Build configuration list for PBXProject "Tennants" */ = {
			isa = XCConfigurationList;
			buildConfigurations = (
				5C4734422B6261C50040A0AA /* Debug */,
				5C4734432B6261C50040A0AA /* Release */,
			);
			defaultConfigurationIsVisible = 0;
			defaultConfigurationName = Release;
		};
		5C4734442B6261C50040A0AA /* Build configuration list for PBXNativeTarget "Tennants" */ = {
			isa = XCConfigurationList;
			buildConfigurations = (
				5C4734452B6261C50040A0AA /* Debug */,
				5C4734462B6261C50040A0AA /* Release */,
			);
			defaultConfigurationIsVisible = 0;
			defaultConfigurationName = Release;
		};
		5C4734472B6261C50040A0AA /* Build configuration list for PBXNativeTarget "TennantsTests" */ = {
			isa = XCConfigurationList;
			buildConfigurations = (
				5C4734482B6261C50040A0AA /* Debug */,
				5C4734492B6261C50040A0AA /* Release */,
			);
			defaultConfigurationIsVisible = 0;
			defaultConfigurationName = Release;
		};
		5C47344A2B6261C50040A0AA /* Build configuration list for PBXNativeTarget "TennantsUITests" */ = {
			isa = XCConfigurationList;
			buildConfigurations = (
				5C47344B2B6261C50040A0AA /* Debug */,
				5C47344C2B6261C50040A0AA /* Release */,
			);
			defaultConfigurationIsVisible = 0;
			defaultConfigurationName = Release;
		};
/* End XCConfigurationList section */

/* Begin XCRemoteSwiftPackageReference section */
		5C0089CE2BF330CF0061C00B /* XCRemoteSwiftPackageReference "MyLibrary" */ = {
			isa = XCRemoteSwiftPackageReference;
			repositoryURL = "https://github.com/SibusisoGlu/MyLibrary";
			requirement = {
				kind = upToNextMajorVersion;
				minimumVersion = 1.1.7;
			};
		};
		5C25D5D42C05C7DE00C24658 /* XCRemoteSwiftPackageReference "firebase-ios-sdk" */ = {
			isa = XCRemoteSwiftPackageReference;
			repositoryURL = "https://github.com/firebase/firebase-ios-sdk";
			requirement = {
				kind = upToNextMajorVersion;
				minimumVersion = 10.26.0;
			};
		};
		5CED454A2C0E019500CEB28D /* XCRemoteSwiftPackageReference "Alamofire" */ = {
			isa = XCRemoteSwiftPackageReference;
			repositoryURL = "https://github.com/Alamofire/Alamofire";
			requirement = {
				kind = upToNextMajorVersion;
				minimumVersion = 5.9.1;
			};
		};
		5CF646082C7F61DC0031B2B0 /* XCRemoteSwiftPackageReference "realm-swift" */ = {
			isa = XCRemoteSwiftPackageReference;
			repositoryURL = "https://github.com/realm/realm-swift.git";
			requirement = {
				kind = upToNextMajorVersion;
				minimumVersion = 10.49.3;
			};
		};
/* End XCRemoteSwiftPackageReference section */

/* Begin XCSwiftPackageProductDependency section */
		5C0089D32BF331580061C00B /* MyLibrary */ = {
			isa = XCSwiftPackageProductDependency;
			package = 5C0089CE2BF330CF0061C00B /* XCRemoteSwiftPackageReference "MyLibrary" */;
			productName = MyLibrary;
		};
		5C25D5D62C05C81D00C24658 /* FirebaseAnalytics */ = {
			isa = XCSwiftPackageProductDependency;
			package = 5C25D5D42C05C7DE00C24658 /* XCRemoteSwiftPackageReference "firebase-ios-sdk" */;
			productName = FirebaseAnalytics;
		};
		5C25D5D82C05C82300C24658 /* FirebaseAnalyticsSwift */ = {
			isa = XCSwiftPackageProductDependency;
			package = 5C25D5D42C05C7DE00C24658 /* XCRemoteSwiftPackageReference "firebase-ios-sdk" */;
			productName = FirebaseAnalyticsSwift;
		};
		5C25D5DA2C05C82D00C24658 /* FirebaseAppCheck */ = {
			isa = XCSwiftPackageProductDependency;
			package = 5C25D5D42C05C7DE00C24658 /* XCRemoteSwiftPackageReference "firebase-ios-sdk" */;
			productName = FirebaseAppCheck;
		};
		5C25D5DC2C05C83800C24658 /* FirebaseAuth */ = {
			isa = XCSwiftPackageProductDependency;
			package = 5C25D5D42C05C7DE00C24658 /* XCRemoteSwiftPackageReference "firebase-ios-sdk" */;
			productName = FirebaseAuth;
		};
		5C25D5DE2C05C84500C24658 /* FirebaseFirestore */ = {
			isa = XCSwiftPackageProductDependency;
			package = 5C25D5D42C05C7DE00C24658 /* XCRemoteSwiftPackageReference "firebase-ios-sdk" */;
			productName = FirebaseFirestore;
		};
		5C25D5E02C05C85700C24658 /* FirebaseRemoteConfigSwift */ = {
			isa = XCSwiftPackageProductDependency;
			package = 5C25D5D42C05C7DE00C24658 /* XCRemoteSwiftPackageReference "firebase-ios-sdk" */;
			productName = FirebaseRemoteConfigSwift;
		};
		5C25D5E22C05C86600C24658 /* FirebaseFirestoreSwift */ = {
			isa = XCSwiftPackageProductDependency;
			package = 5C25D5D42C05C7DE00C24658 /* XCRemoteSwiftPackageReference "firebase-ios-sdk" */;
			productName = FirebaseFirestoreSwift;
		};
		5C25D5E62C05E0F900C24658 /* FirebaseStorage */ = {
			isa = XCSwiftPackageProductDependency;
			package = 5C25D5D42C05C7DE00C24658 /* XCRemoteSwiftPackageReference "firebase-ios-sdk" */;
			productName = FirebaseStorage;
		};
		5CF646092C7F61DC0031B2B0 /* RealmSwift */ = {
			isa = XCSwiftPackageProductDependency;
			package = 5CF646082C7F61DC0031B2B0 /* XCRemoteSwiftPackageReference "realm-swift" */;
			productName = RealmSwift;
		};
/* End XCSwiftPackageProductDependency section */
	};
	rootObject = 5C4734182B6261C00040A0AA /* Project object */;
}
